// !$*UTF8*$!
{
	archiveVersion = 1;
	classes = {
	};
	objectVersion = 46;
	objects = {

/* Begin PBXAggregateTarget section */
		CCF2483332BE193B503FA2E2 /* AIASS - All */ = {
			isa = PBXAggregateTarget;
			buildConfigurationList = 290B4CDAE05FD8D91B1FD7C1;
			buildPhases = (
			);
			dependencies = (
				2DE159BCDEBDEF9C12B4CDFE,
				AEA65AF693F544B9DD8D8212,
				D15793CACC29DB0B77439656,
				C4E74E089ECAA4E6E5246486,
				C7E1187EAC04F624D5CFA431,
			);
			name = "AIASS - All";
			productName = AIASS;
		};
/* End PBXAggregateTarget section */

/* Begin PBXBuildFile section */
		007AED47B294FCC24468BC69 /* OpenGL.framework */ = {isa = PBXBuildFile; fileRef = 2286061A1426AB9D22FB7BC9; };
		05445EEED13B60D3F550444B /* include_juce_audio_plugin_client_VST2.mm */ = {isa = PBXBuildFile; fileRef = 3A8DF40E68D4E8D321D565CA; };
		05DE25C3EA92366496DB9C29 /* include_juce_audio_processors_lv2_libs.cpp */ = {isa = PBXBuildFile; fileRef = 9E0E82CA5DD83B2C9AFD307C; };
		0B7F397B7A0F88D43092A8D6 /* VST3 Manifest Helper */ = {isa = PBXBuildFile; fileRef = E2589B1189E1B3739FBE29F1; };
		187A7B65171E25F642E11010 /* include_juce_audio_basics.mm */ = {isa = PBXBuildFile; fileRef = 6CC57311243FC1781CB1C5DE; };
		22BF96B4788B6D4C2292D708 /* Standalone Plugin */ = {isa = PBXBuildFile; fileRef = 05902585D9BD18E398E79A74; };
		22C5A5899E768735A90EBA30 /* include_juce_audio_plugin_client_Standalone.cpp */ = {isa = PBXBuildFile; fileRef = D7A73C65CE0CBCE0339F0C24; };
		2D1950B0BD726604087C5CC3 /* AVFoundation.framework */ = {isa = PBXBuildFile; fileRef = 8A3F25E145C69919EAEF2173; };
		2D89D0AA0F853AAA411C5ABB /* RecentFilesMenuTemplate.nib */ = {isa = PBXBuildFile; fileRef = F7666F0A11BD664DE775F6EE; };
		31C96A956F6FDFC4D3AF039B /* Cocoa.framework */ = {isa = PBXBuildFile; fileRef = 8F6BAE466146505791EA076C; };
		36E904DC1F7889CD29A6814E /* MetalKit.framework */ = {isa = PBXBuildFile; fileRef = 8ACB9148CFA67CA01DF81BA2; settings = { ATTRIBUTES = (Weak, ); }; };
		3DDACDC566B3F4BF4F0F9723 /* include_juce_audio_plugin_client_ARA.cpp */ = {isa = PBXBuildFile; fileRef = 712F8CDD2BA9E6419DE09713; };
		44B6C07A55BA54B0F2CB750B /* PluginEditor.cpp */ = {isa = PBXBuildFile; fileRef = C62CFC064CB506E1D828F229; };
		45AB32A38C6EB19284573E81 /* DiscRecording.framework */ = {isa = PBXBuildFile; fileRef = 78772EDA588FE9C98C90F35E; };
		4F359DE9192B57C637DA8CD7 /* Accelerate.framework */ = {isa = PBXBuildFile; fileRef = 273DD3F94CC9D80170D9975E; };
		547A7D4328273A58DE667579 /* include_juce_audio_utils.mm */ = {isa = PBXBuildFile; fileRef = 49E03E644758E09488403361; };
		75A6051574D91B1BC4BE7743 /* CoreMIDI.framework */ = {isa = PBXBuildFile; fileRef = 949B46BCA0251713C4D4D80D; };
		770A89A0981FF3EE054C96CC /* include_juce_audio_processors.mm */ = {isa = PBXBuildFile; fileRef = 6D435DCA100406CA199E0D83; };
		777CDF2B7D68EE9963A257D6 /* QuartzCore.framework */ = {isa = PBXBuildFile; fileRef = 4D9C1395B664DF0810B0AE67; };
		78841AD9E049AE2756A1C1EF /* include_juce_audio_plugin_client_VST3.mm */ = {isa = PBXBuildFile; fileRef = 7E7DCC3A967A2C15BFE852FF; };
		7A67C52C94B7AD6543D460B9 /* include_juce_graphics_Sheenbidi.c */ = {isa = PBXBuildFile; fileRef = 5CC089A4C35A64A0A58FFE0E; };
		861F6AFA8760A4838D2534BB /* include_juce_audio_formats.mm */ = {isa = PBXBuildFile; fileRef = 852DBA96B24FA1E1D42F2353; };
		873DAB17B560B5F08AB47493 /* CoreAudio.framework */ = {isa = PBXBuildFile; fileRef = C0BCE627EECC8817871F3FD4; };
		89827F631EAA176406E518C8 /* interproc.cpp */ = {isa = PBXBuildFile; fileRef = 7C664DFF039792D75AC40269; };
		8B6BA909B267293FAFBB542B /* CoreAudioKit.framework */ = {isa = PBXBuildFile; fileRef = 72C9BB44DEB78E1D7ED98D5E; };
		93F835B88BB3215CAD23B26A /* Foundation.framework */ = {isa = PBXBuildFile; fileRef = A09CF8800BEFE2ABE6B2B87B; };
		95EE79AC7D3DBACB05AE1E4A /* include_juce_graphics_Harfbuzz.cpp */ = {isa = PBXBuildFile; fileRef = 01095D11DD58D4645AB53453; };
		99FD001A059DBA9655F950C4 /* WebKit.framework */ = {isa = PBXBuildFile; fileRef = BC8CE28709EBC6E442AB3AD0; };
		A54F64E16B771EDFD20F5EFB /* Metal.framework */ = {isa = PBXBuildFile; fileRef = 0451854684F25EBF9C14E07C; settings = { ATTRIBUTES = (Weak, ); }; };
		A608DEA484CAF9F095901BD3 /* BinaryData.cpp */ = {isa = PBXBuildFile; fileRef = E789AA44DD9AA2F61A01B271; };
		AA1262FB962649F354743791 /* include_juce_core_CompilationTime.cpp */ = {isa = PBXBuildFile; fileRef = 9F2245113EBB80153037859A; };
		AA8008411DAAE5F49E746572 /* include_juce_audio_processors_ara.cpp */ = {isa = PBXBuildFile; fileRef = DBCF90888B8D7C78920B8251; };
		B0E0DE77CDF403BECCFBAF84 /* include_juce_data_structures.mm */ = {isa = PBXBuildFile; fileRef = D2DF19C70DDCB637C279FAEB; };
		B3225013454A31B6DF502ED9 /* include_juce_graphics.mm */ = {isa = PBXBuildFile; fileRef = 61B1A8A2F1E72247F70AC580; };
		B55E2A9C6CC1EA3C188E93A1 /* include_juce_events.mm */ = {isa = PBXBuildFile; fileRef = B700D624EB0B9E9F6169CAE3; };
		B60A3CE897282F5235801B51 /* include_juce_video.mm */ = {isa = PBXBuildFile; fileRef = F7A411CC598A59DCFA30049C; };
		B62346D779E1445896847D71 /* VST */ = {isa = PBXBuildFile; fileRef = 8DE1D89E83032C36EAF3A561; };
		B8456D62392B5C701F520621 /* include_juce_cryptography.mm */ = {isa = PBXBuildFile; fileRef = ADE520FCC25F055C3A695421; };
		BB9663344BE39B9A3984999E /* IOKit.framework */ = {isa = PBXBuildFile; fileRef = 544B5D6DF2DEEA63F75CE869; };
		C332C0DB92DA8C45EF1871F2 /* PluginProcessor.cpp */ = {isa = PBXBuildFile; fileRef = 18B416BF83506E3D0B7E9F40; };
		C8A8EF340ED102CC485909FD /* juce_VST3ManifestHelper.mm */ = {isa = PBXBuildFile; fileRef = D99C203D4F235B5A0C196EE2; settings = { COMPILER_FLAGS = "-fobjc-arc -w -DJUCE_SKIP_PRECOMPILED_HEADER"; }; };
		C959048C76385B6AA603DD5D /* include_juce_core.mm */ = {isa = PBXBuildFile; fileRef = 9BCDE6AFD642B577AFFF7873; };
		CA7F80FF3BFAFB914F4EF347 /* Security.framework */ = {isa = PBXBuildFile; fileRef = 5B66C36201AD74ADDF3DAD3C; };
		CD5A69E3A748CA7DC3A66754 /* AudioToolbox.framework */ = {isa = PBXBuildFile; fileRef = 4FBA5FB6A049DEBAA0F7BCDF; };
		D453F2E5A285D9CD11B0D99C /* include_juce_opengl.mm */ = {isa = PBXBuildFile; fileRef = 9E485BAB53C5DC925BCF3DEE; };
		D6EA4122E328DB13A6A5C0B8 /* Shared Code */ = {isa = PBXBuildFile; fileRef = 03FD6FA25845FBD426296F07; };
		DB7455916606824E47E2394D /* CoreMedia.framework */ = {isa = PBXBuildFile; fileRef = FC42B581C66CF9CF8BC66022; };
		DFCF450DDC16E1015D341246 /* Sid.cpp */ = {isa = PBXBuildFile; fileRef = C7DC42EF7910C2C31AE294E7; };
		E3991D63FF2BD78D6A2D5A64 /* VST3 */ = {isa = PBXBuildFile; fileRef = 4E44822961A3D165A50E411B; };
		E4AB2E2E2DC0CA6ECA35C8ED /* AVKit.framework */ = {isa = PBXBuildFile; fileRef = 07901A871474038D5FEAD8EF; };
		E758601822423FC58F362E4B /* include_juce_audio_devices.mm */ = {isa = PBXBuildFile; fileRef = 2079DC7D399D3A5F1B7F3EF5; };
		E7ED4BB8243318B0CCBA54BE /* include_juce_gui_basics.mm */ = {isa = PBXBuildFile; fileRef = E36A9FADDD827DA05FA132E8; };
		E8C33320895995466A766693 /* include_juce_gui_extra.mm */ = {isa = PBXBuildFile; fileRef = 4A00AB3F4C5ABF864CF455F1; };
/* End PBXBuildFile section */

/* Begin PBXFileReference section */
		005835E360E9ED9839C856AB /* juce_gui_basics */ /* juce_gui_basics */ = {isa = PBXFileReference; lastKnownFileType = folder; name = juce_gui_basics; path = "~/JUCE/modules/juce_gui_basics"; sourceTree = "<absolute>"; };
		01095D11DD58D4645AB53453 /* include_juce_graphics_Harfbuzz.cpp */ /* include_juce_graphics_Harfbuzz.cpp */ = {isa = PBXFileReference; lastKnownFileType = sourcecode.cpp.cpp; name = include_juce_graphics_Harfbuzz.cpp; path = ../../JuceLibraryCode/include_juce_graphics_Harfbuzz.cpp; sourceTree = SOURCE_ROOT; };
		034B58615AFFAC662A023908 /* juce_core */ /* juce_core */ = {isa = PBXFileReference; lastKnownFileType = folder; name = juce_core; path = "~/JUCE/modules/juce_core"; sourceTree = "<absolute>"; };
		03FD6FA25845FBD426296F07 /* Shared Code */ = {isa = PBXFileReference; explicitFileType = archive.ar; includeInIndex = 0; path = libAIASS.a; sourceTree = BUILT_PRODUCTS_DIR; };
		04006F2026F7BDE3A4CF4072 /* README.md */ /* README.md */ = {isa = PBXFileReference; lastKnownFileType = file.md; name = README.md; path = ../../docs/README.md; sourceTree = SOURCE_ROOT; };
		0451854684F25EBF9C14E07C /* Metal.framework */ /* Metal.framework */ = {isa = PBXFileReference; lastKnownFileType = wrapper.framework; name = Metal.framework; path = System/Library/Frameworks/Metal.framework; sourceTree = SDKROOT; };
		05902585D9BD18E398E79A74 /* Standalone Plugin */ = {isa = PBXFileReference; explicitFileType = wrapper.application; includeInIndex = 0; path = AIASS.app; sourceTree = BUILT_PRODUCTS_DIR; };
		07901A871474038D5FEAD8EF /* AVKit.framework */ /* AVKit.framework */ = {isa = PBXFileReference; lastKnownFileType = wrapper.framework; name = AVKit.framework; path = System/Library/Frameworks/AVKit.framework; sourceTree = SDKROOT; };
		09939C0A8C53E3FCB184D259 /* juce_opengl */ /* juce_opengl */ = {isa = PBXFileReference; lastKnownFileType = folder; name = juce_opengl; path = "~/JUCE/modules/juce_opengl"; sourceTree = "<absolute>"; };
		0A99DE1A89FECE769469588D /* juce_audio_plugin_client */ /* juce_audio_plugin_client */ = {isa = PBXFileReference; lastKnownFileType = folder; name = juce_audio_plugin_client; path = "~/JUCE/modules/juce_audio_plugin_client"; sourceTree = "<absolute>"; };
		0D6B8FBEB60AE2B41C11799D /* juce_audio_formats */ /* juce_audio_formats */ = {isa = PBXFileReference; lastKnownFileType = folder; name = juce_audio_formats; path = "~/JUCE/modules/juce_audio_formats"; sourceTree = "<absolute>"; };
		15530DA21AC1C946FFB6A28E /* BinaryData.h */ /* BinaryData.h */ = {isa = PBXFileReference; lastKnownFileType = sourcecode.c.h; name = BinaryData.h; path = ../../JuceLibraryCode/BinaryData.h; sourceTree = SOURCE_ROOT; };
		18B416BF83506E3D0B7E9F40 /* PluginProcessor.cpp */ /* PluginProcessor.cpp */ = {isa = PBXFileReference; lastKnownFileType = sourcecode.cpp.cpp; name = PluginProcessor.cpp; path = ../../Source/PluginProcessor.cpp; sourceTree = SOURCE_ROOT; };
		2079DC7D399D3A5F1B7F3EF5 /* include_juce_audio_devices.mm */ /* include_juce_audio_devices.mm */ = {isa = PBXFileReference; lastKnownFileType = sourcecode.cpp.objcpp; name = include_juce_audio_devices.mm; path = ../../JuceLibraryCode/include_juce_audio_devices.mm; sourceTree = SOURCE_ROOT; };
		2286061A1426AB9D22FB7BC9 /* OpenGL.framework */ /* OpenGL.framework */ = {isa = PBXFileReference; lastKnownFileType = wrapper.framework; name = OpenGL.framework; path = System/Library/Frameworks/OpenGL.framework; sourceTree = SDKROOT; };
		273DD3F94CC9D80170D9975E /* Accelerate.framework */ /* Accelerate.framework */ = {isa = PBXFileReference; lastKnownFileType = wrapper.framework; name = Accelerate.framework; path = System/Library/Frameworks/Accelerate.framework; sourceTree = SDKROOT; };
		294B4B880A56340BB8D9A6CF /* PluginProcessor.h */ /* PluginProcessor.h */ = {isa = PBXFileReference; lastKnownFileType = sourcecode.c.h; name = PluginProcessor.h; path = ../../Source/PluginProcessor.h; sourceTree = SOURCE_ROOT; };
		2B1332AE3EFBEB483AAC2F79 /* Sid.h */ /* Sid.h */ = {isa = PBXFileReference; lastKnownFileType = sourcecode.c.h; name = Sid.h; path = ../../Source/Sid.h; sourceTree = SOURCE_ROOT; };
		2EE23D1B68473C38E2F766D8 /* juce_data_structures */ /* juce_data_structures */ = {isa = PBXFileReference; lastKnownFileType = folder; name = juce_data_structures; path = "~/JUCE/modules/juce_data_structures"; sourceTree = "<absolute>"; };
		31C62C435690A008C39948DE /* libhardsid.h */ /* libhardsid.h */ = {isa = PBXFileReference; lastKnownFileType = sourcecode.c.h; name = libhardsid.h; path = ../../Source/libhardsid.h; sourceTree = SOURCE_ROOT; };
		34D9691F7E008AF1B57FF74B /* Info-VST3.plist */ /* Info-VST3.plist */ = {isa = PBXFileReference; lastKnownFileType = text.plist.xml; name = "Info-VST3.plist"; path = "Info-VST3.plist"; sourceTree = SOURCE_ROOT; };
		3A8DF40E68D4E8D321D565CA /* include_juce_audio_plugin_client_VST2.mm */ /* include_juce_audio_plugin_client_VST2.mm */ = {isa = PBXFileReference; lastKnownFileType = sourcecode.cpp.objcpp; name = include_juce_audio_plugin_client_VST2.mm; path = ../../JuceLibraryCode/include_juce_audio_plugin_client_VST2.mm; sourceTree = SOURCE_ROOT; };
		3D6DE13C2E7F39028D5C2D17 /* JuceHeader.h */ /* JuceHeader.h */ = {isa = PBXFileReference; lastKnownFileType = sourcecode.c.h; name = JuceHeader.h; path = ../../JuceLibraryCode/JuceHeader.h; sourceTree = SOURCE_ROOT; };
		3EB153B2800E3F42354BEEF3 /* juce_graphics */ /* juce_graphics */ = {isa = PBXFileReference; lastKnownFileType = folder; name = juce_graphics; path = "~/JUCE/modules/juce_graphics"; sourceTree = "<absolute>"; };
		49BB455AAC33B2497530398D /* JucePluginDefines.h */ /* JucePluginDefines.h */ = {isa = PBXFileReference; lastKnownFileType = sourcecode.c.h; name = JucePluginDefines.h; path = ../../JuceLibraryCode/JucePluginDefines.h; sourceTree = SOURCE_ROOT; };
		49E03E644758E09488403361 /* include_juce_audio_utils.mm */ /* include_juce_audio_utils.mm */ = {isa = PBXFileReference; lastKnownFileType = sourcecode.cpp.objcpp; name = include_juce_audio_utils.mm; path = ../../JuceLibraryCode/include_juce_audio_utils.mm; sourceTree = SOURCE_ROOT; };
		4A00AB3F4C5ABF864CF455F1 /* include_juce_gui_extra.mm */ /* include_juce_gui_extra.mm */ = {isa = PBXFileReference; lastKnownFileType = sourcecode.cpp.objcpp; name = include_juce_gui_extra.mm; path = ../../JuceLibraryCode/include_juce_gui_extra.mm; sourceTree = SOURCE_ROOT; };
		4D9C1395B664DF0810B0AE67 /* QuartzCore.framework */ /* QuartzCore.framework */ = {isa = PBXFileReference; lastKnownFileType = wrapper.framework; name = QuartzCore.framework; path = System/Library/Frameworks/QuartzCore.framework; sourceTree = SDKROOT; };
		4E44822961A3D165A50E411B /* VST3 */ = {isa = PBXFileReference; explicitFileType = wrapper.cfbundle; includeInIndex = 0; path = AIASS.vst3; sourceTree = BUILT_PRODUCTS_DIR; };
		4FBA5FB6A049DEBAA0F7BCDF /* AudioToolbox.framework */ /* AudioToolbox.framework */ = {isa = PBXFileReference; lastKnownFileType = wrapper.framework; name = AudioToolbox.framework; path = System/Library/Frameworks/AudioToolbox.framework; sourceTree = SDKROOT; };
		50FE484CD2DD8BB62EB557BC /* juce_video */ /* juce_video */ = {isa = PBXFileReference; lastKnownFileType = folder; name = juce_video; path = "~/JUCE/modules/juce_video"; sourceTree = "<absolute>"; };
		544B5D6DF2DEEA63F75CE869 /* IOKit.framework */ /* IOKit.framework */ = {isa = PBXFileReference; lastKnownFileType = wrapper.framework; name = IOKit.framework; path = System/Library/Frameworks/IOKit.framework; sourceTree = SDKROOT; };
		5B66C36201AD74ADDF3DAD3C /* Security.framework */ /* Security.framework */ = {isa = PBXFileReference; lastKnownFileType = wrapper.framework; name = Security.framework; path = System/Library/Frameworks/Security.framework; sourceTree = SDKROOT; };
		5CC089A4C35A64A0A58FFE0E /* include_juce_graphics_Sheenbidi.c */ /* include_juce_graphics_Sheenbidi.c */ = {isa = PBXFileReference; lastKnownFileType = sourcecode.c.c; name = include_juce_graphics_Sheenbidi.c; path = ../../JuceLibraryCode/include_juce_graphics_Sheenbidi.c; sourceTree = SOURCE_ROOT; };
		6000BE950A0A562A1BAE0586 /* AppConfig.h */ /* AppConfig.h */ = {isa = PBXFileReference; lastKnownFileType = sourcecode.c.h; name = AppConfig.h; path = ../../JuceLibraryCode/AppConfig.h; sourceTree = SOURCE_ROOT; };
		61B1A8A2F1E72247F70AC580 /* include_juce_graphics.mm */ /* include_juce_graphics.mm */ = {isa = PBXFileReference; lastKnownFileType = sourcecode.cpp.objcpp; name = include_juce_graphics.mm; path = ../../JuceLibraryCode/include_juce_graphics.mm; sourceTree = SOURCE_ROOT; };
		61B6B1CFBA49018742D7ACB4 /* CrazyMidi_grau_64x64.png */ /* CrazyMidi_grau_64x64.png */ = {isa = PBXFileReference; lastKnownFileType = image.png; name = CrazyMidi_grau_64x64.png; path = ../../Source/images/CrazyMidi_grau_64x64.png; sourceTree = SOURCE_ROOT; };
		644A305D24E14C7179D97F89 /* CrazyMidi_grau.png */ /* CrazyMidi_grau.png */ = {isa = PBXFileReference; lastKnownFileType = image.png; name = CrazyMidi_grau.png; path = ../../Source/images/CrazyMidi_grau.png; sourceTree = SOURCE_ROOT; };
		68BDB09F900FF3E745E67C50 /* juce_audio_utils */ /* juce_audio_utils */ = {isa = PBXFileReference; lastKnownFileType = folder; name = juce_audio_utils; path = "~/JUCE/modules/juce_audio_utils"; sourceTree = "<absolute>"; };
		6CC57311243FC1781CB1C5DE /* include_juce_audio_basics.mm */ /* include_juce_audio_basics.mm */ = {isa = PBXFileReference; lastKnownFileType = sourcecode.cpp.objcpp; name = include_juce_audio_basics.mm; path = ../../JuceLibraryCode/include_juce_audio_basics.mm; sourceTree = SOURCE_ROOT; };
		6D435DCA100406CA199E0D83 /* include_juce_audio_processors.mm */ /* include_juce_audio_processors.mm */ = {isa = PBXFileReference; lastKnownFileType = sourcecode.cpp.objcpp; name = include_juce_audio_processors.mm; path = ../../JuceLibraryCode/include_juce_audio_processors.mm; sourceTree = SOURCE_ROOT; };
		712F8CDD2BA9E6419DE09713 /* include_juce_audio_plugin_client_ARA.cpp */ /* include_juce_audio_plugin_client_ARA.cpp */ = {isa = PBXFileReference; lastKnownFileType = sourcecode.cpp.cpp; name = include_juce_audio_plugin_client_ARA.cpp; path = ../../JuceLibraryCode/include_juce_audio_plugin_client_ARA.cpp; sourceTree = SOURCE_ROOT; };
		72C9BB44DEB78E1D7ED98D5E /* CoreAudioKit.framework */ /* CoreAudioKit.framework */ = {isa = PBXFileReference; lastKnownFileType = wrapper.framework; name = CoreAudioKit.framework; path = System/Library/Frameworks/CoreAudioKit.framework; sourceTree = SDKROOT; };
		78772EDA588FE9C98C90F35E /* DiscRecording.framework */ /* DiscRecording.framework */ = {isa = PBXFileReference; lastKnownFileType = wrapper.framework; name = DiscRecording.framework; path = System/Library/Frameworks/DiscRecording.framework; sourceTree = SDKROOT; };
		79151F7E9BC75C87D0A48495 /* juce_audio_devices */ /* juce_audio_devices */ = {isa = PBXFileReference; lastKnownFileType = folder; name = juce_audio_devices; path = "~/JUCE/modules/juce_audio_devices"; sourceTree = "<absolute>"; };
		7BD57C4B7D213E481C05AFC0 /* juce_cryptography */ /* juce_cryptography */ = {isa = PBXFileReference; lastKnownFileType = folder; name = juce_cryptography; path = "~/JUCE/modules/juce_cryptography"; sourceTree = "<absolute>"; };
		7C664DFF039792D75AC40269 /* interproc.cpp */ /* interproc.cpp */ = {isa = PBXFileReference; lastKnownFileType = sourcecode.cpp.cpp; name = interproc.cpp; path = ../../Source/interproc.cpp; sourceTree = SOURCE_ROOT; };
		7DEF4967D5FE2A2F0DC26597 /* Info-Standalone_Plugin.plist */ /* Info-Standalone_Plugin.plist */ = {isa = PBXFileReference; lastKnownFileType = text.plist.xml; name = "Info-Standalone_Plugin.plist"; path = "Info-Standalone_Plugin.plist"; sourceTree = SOURCE_ROOT; };
		7E7DCC3A967A2C15BFE852FF /* include_juce_audio_plugin_client_VST3.mm */ /* include_juce_audio_plugin_client_VST3.mm */ = {isa = PBXFileReference; lastKnownFileType = sourcecode.cpp.objcpp; name = include_juce_audio_plugin_client_VST3.mm; path = ../../JuceLibraryCode/include_juce_audio_plugin_client_VST3.mm; sourceTree = SOURCE_ROOT; };
		850CBDFE59C8924239640CFC /* juce_audio_basics */ /* juce_audio_basics */ = {isa = PBXFileReference; lastKnownFileType = folder; name = juce_audio_basics; path = "~/JUCE/modules/juce_audio_basics"; sourceTree = "<absolute>"; };
		852DBA96B24FA1E1D42F2353 /* include_juce_audio_formats.mm */ /* include_juce_audio_formats.mm */ = {isa = PBXFileReference; lastKnownFileType = sourcecode.cpp.objcpp; name = include_juce_audio_formats.mm; path = ../../JuceLibraryCode/include_juce_audio_formats.mm; sourceTree = SOURCE_ROOT; };
		8A3F25E145C69919EAEF2173 /* AVFoundation.framework */ /* AVFoundation.framework */ = {isa = PBXFileReference; lastKnownFileType = wrapper.framework; name = AVFoundation.framework; path = System/Library/Frameworks/AVFoundation.framework; sourceTree = SDKROOT; };
		8ACB9148CFA67CA01DF81BA2 /* MetalKit.framework */ /* MetalKit.framework */ = {isa = PBXFileReference; lastKnownFileType = wrapper.framework; name = MetalKit.framework; path = System/Library/Frameworks/MetalKit.framework; sourceTree = SDKROOT; };
		8DE1D89E83032C36EAF3A561 /* VST */ = {isa = PBXFileReference; explicitFileType = wrapper.cfbundle; includeInIndex = 0; path = AIASS.vst; sourceTree = BUILT_PRODUCTS_DIR; };
		8F6BAE466146505791EA076C /* Cocoa.framework */ /* Cocoa.framework */ = {isa = PBXFileReference; lastKnownFileType = wrapper.framework; name = Cocoa.framework; path = System/Library/Frameworks/Cocoa.framework; sourceTree = SDKROOT; };
		949B46BCA0251713C4D4D80D /* CoreMIDI.framework */ /* CoreMIDI.framework */ = {isa = PBXFileReference; lastKnownFileType = wrapper.framework; name = CoreMIDI.framework; path = System/Library/Frameworks/CoreMIDI.framework; sourceTree = SDKROOT; };
		9BCDE6AFD642B577AFFF7873 /* include_juce_core.mm */ /* include_juce_core.mm */ = {isa = PBXFileReference; lastKnownFileType = sourcecode.cpp.objcpp; name = include_juce_core.mm; path = ../../JuceLibraryCode/include_juce_core.mm; sourceTree = SOURCE_ROOT; };
		9E0E82CA5DD83B2C9AFD307C /* include_juce_audio_processors_lv2_libs.cpp */ /* include_juce_audio_processors_lv2_libs.cpp */ = {isa = PBXFileReference; lastKnownFileType = sourcecode.cpp.cpp; name = include_juce_audio_processors_lv2_libs.cpp; path = ../../JuceLibraryCode/include_juce_audio_processors_lv2_libs.cpp; sourceTree = SOURCE_ROOT; };
		9E485BAB53C5DC925BCF3DEE /* include_juce_opengl.mm */ /* include_juce_opengl.mm */ = {isa = PBXFileReference; lastKnownFileType = sourcecode.cpp.objcpp; name = include_juce_opengl.mm; path = ../../JuceLibraryCode/include_juce_opengl.mm; sourceTree = SOURCE_ROOT; };
		9F2245113EBB80153037859A /* include_juce_core_CompilationTime.cpp */ /* include_juce_core_CompilationTime.cpp */ = {isa = PBXFileReference; lastKnownFileType = sourcecode.cpp.cpp; name = include_juce_core_CompilationTime.cpp; path = ../../JuceLibraryCode/include_juce_core_CompilationTime.cpp; sourceTree = SOURCE_ROOT; };
		9FB04D698B901F2D65239E85 /* juce_gui_extra */ /* juce_gui_extra */ = {isa = PBXFileReference; lastKnownFileType = folder; name = juce_gui_extra; path = "~/JUCE/modules/juce_gui_extra"; sourceTree = "<absolute>"; };
		A09CF8800BEFE2ABE6B2B87B /* Foundation.framework */ /* Foundation.framework */ = {isa = PBXFileReference; lastKnownFileType = wrapper.framework; name = Foundation.framework; path = System/Library/Frameworks/Foundation.framework; sourceTree = SDKROOT; };
		ADE520FCC25F055C3A695421 /* include_juce_cryptography.mm */ /* include_juce_cryptography.mm */ = {isa = PBXFileReference; lastKnownFileType = sourcecode.cpp.objcpp; name = include_juce_cryptography.mm; path = ../../JuceLibraryCode/include_juce_cryptography.mm; sourceTree = SOURCE_ROOT; };
		B700D624EB0B9E9F6169CAE3 /* include_juce_events.mm */ /* include_juce_events.mm */ = {isa = PBXFileReference; lastKnownFileType = sourcecode.cpp.objcpp; name = include_juce_events.mm; path = ../../JuceLibraryCode/include_juce_events.mm; sourceTree = SOURCE_ROOT; };
		BB42FC714DD90A4BB4A48443 /* juce_audio_processors */ /* juce_audio_processors */ = {isa = PBXFileReference; lastKnownFileType = folder; name = juce_audio_processors; path = "~/JUCE/modules/juce_audio_processors"; sourceTree = "<absolute>"; };
		BC8CE28709EBC6E442AB3AD0 /* WebKit.framework */ /* WebKit.framework */ = {isa = PBXFileReference; lastKnownFileType = wrapper.framework; name = WebKit.framework; path = System/Library/Frameworks/WebKit.framework; sourceTree = SDKROOT; };
		C0BCE627EECC8817871F3FD4 /* CoreAudio.framework */ /* CoreAudio.framework */ = {isa = PBXFileReference; lastKnownFileType = wrapper.framework; name = CoreAudio.framework; path = System/Library/Frameworks/CoreAudio.framework; sourceTree = SDKROOT; };
		C62CFC064CB506E1D828F229 /* PluginEditor.cpp */ /* PluginEditor.cpp */ = {isa = PBXFileReference; lastKnownFileType = sourcecode.cpp.cpp; name = PluginEditor.cpp; path = ../../Source/PluginEditor.cpp; sourceTree = SOURCE_ROOT; };
		C7A80AB8F4945B2061026073 /* interproc.h */ /* interproc.h */ = {isa = PBXFileReference; lastKnownFileType = sourcecode.c.h; name = interproc.h; path = ../../Source/interproc.h; sourceTree = SOURCE_ROOT; };
		C7DC42EF7910C2C31AE294E7 /* Sid.cpp */ /* Sid.cpp */ = {isa = PBXFileReference; lastKnownFileType = sourcecode.cpp.cpp; name = Sid.cpp; path = ../../Source/Sid.cpp; sourceTree = SOURCE_ROOT; };
		D2DF19C70DDCB637C279FAEB /* include_juce_data_structures.mm */ /* include_juce_data_structures.mm */ = {isa = PBXFileReference; lastKnownFileType = sourcecode.cpp.objcpp; name = include_juce_data_structures.mm; path = ../../JuceLibraryCode/include_juce_data_structures.mm; sourceTree = SOURCE_ROOT; };
		D57A574F200383C7F45DD94B /* PluginEditor.h */ /* PluginEditor.h */ = {isa = PBXFileReference; lastKnownFileType = sourcecode.c.h; name = PluginEditor.h; path = ../../Source/PluginEditor.h; sourceTree = SOURCE_ROOT; };
		D66E7D4B3C29443291C60B23 /* CrazyMidi_grau_128x128.png */ /* CrazyMidi_grau_128x128.png */ = {isa = PBXFileReference; lastKnownFileType = image.png; name = CrazyMidi_grau_128x128.png; path = ../../Source/images/CrazyMidi_grau_128x128.png; sourceTree = SOURCE_ROOT; };
		D7A73C65CE0CBCE0339F0C24 /* include_juce_audio_plugin_client_Standalone.cpp */ /* include_juce_audio_plugin_client_Standalone.cpp */ = {isa = PBXFileReference; lastKnownFileType = sourcecode.cpp.cpp; name = include_juce_audio_plugin_client_Standalone.cpp; path = ../../JuceLibraryCode/include_juce_audio_plugin_client_Standalone.cpp; sourceTree = SOURCE_ROOT; };
		D99C203D4F235B5A0C196EE2 /* juce_VST3ManifestHelper.mm */ /* juce_VST3ManifestHelper.mm */ = {isa = PBXFileReference; lastKnownFileType = sourcecode.cpp.objcpp; name = juce_VST3ManifestHelper.mm; path = "$(HOME)/JUCE/modules/juce_audio_plugin_client/VST3/juce_VST3ManifestHelper.mm"; sourceTree = "<absolute>"; };
		DBCF90888B8D7C78920B8251 /* include_juce_audio_processors_ara.cpp */ /* include_juce_audio_processors_ara.cpp */ = {isa = PBXFileReference; lastKnownFileType = sourcecode.cpp.cpp; name = include_juce_audio_processors_ara.cpp; path = ../../JuceLibraryCode/include_juce_audio_processors_ara.cpp; sourceTree = SOURCE_ROOT; };
		E2589B1189E1B3739FBE29F1 /* VST3 Manifest Helper */ = {isa = PBXFileReference; explicitFileType = "compiled.mach-o.executable"; includeInIndex = 0; path = juce_vst3_helper; sourceTree = BUILT_PRODUCTS_DIR; };
		E36A9FADDD827DA05FA132E8 /* include_juce_gui_basics.mm */ /* include_juce_gui_basics.mm */ = {isa = PBXFileReference; lastKnownFileType = sourcecode.cpp.objcpp; name = include_juce_gui_basics.mm; path = ../../JuceLibraryCode/include_juce_gui_basics.mm; sourceTree = SOURCE_ROOT; };
		E6A91751FCFB43C9E5936B4A /* Info-VST.plist */ /* Info-VST.plist */ = {isa = PBXFileReference; lastKnownFileType = text.plist.xml; name = "Info-VST.plist"; path = "Info-VST.plist"; sourceTree = SOURCE_ROOT; };
		E789AA44DD9AA2F61A01B271 /* BinaryData.cpp */ /* BinaryData.cpp */ = {isa = PBXFileReference; lastKnownFileType = sourcecode.cpp.cpp; name = BinaryData.cpp; path = ../../JuceLibraryCode/BinaryData.cpp; sourceTree = SOURCE_ROOT; };
		E8013BA1F1DB5043E24C1E7F /* juce_events */ /* juce_events */ = {isa = PBXFileReference; lastKnownFileType = folder; name = juce_events; path = "~/JUCE/modules/juce_events"; sourceTree = "<absolute>"; };
		F7666F0A11BD664DE775F6EE /* RecentFilesMenuTemplate.nib */ /* RecentFilesMenuTemplate.nib */ = {isa = PBXFileReference; lastKnownFileType = file.nib; name = RecentFilesMenuTemplate.nib; path = RecentFilesMenuTemplate.nib; sourceTree = SOURCE_ROOT; };
		F7A411CC598A59DCFA30049C /* include_juce_video.mm */ /* include_juce_video.mm */ = {isa = PBXFileReference; lastKnownFileType = sourcecode.cpp.objcpp; name = include_juce_video.mm; path = ../../JuceLibraryCode/include_juce_video.mm; sourceTree = SOURCE_ROOT; };
		FC42B581C66CF9CF8BC66022 /* CoreMedia.framework */ /* CoreMedia.framework */ = {isa = PBXFileReference; lastKnownFileType = wrapper.framework; name = CoreMedia.framework; path = System/Library/Frameworks/CoreMedia.framework; sourceTree = SDKROOT; };
		FFDAB86144DD337F85C1E044 /* Info-VST3_Manifest_Helper.plist */ /* Info-VST3_Manifest_Helper.plist */ = {isa = PBXFileReference; lastKnownFileType = text.plist.xml; name = "Info-VST3_Manifest_Helper.plist"; path = "Info-VST3_Manifest_Helper.plist"; sourceTree = SOURCE_ROOT; };
/* End PBXFileReference section */

/* Begin PBXFrameworksBuildPhase section */
		1F734B0987DD206CBE24F54A = {
			isa = PBXFrameworksBuildPhase;
			buildActionMask = 2147483647;
			files = (
				4F359DE9192B57C637DA8CD7,
				CD5A69E3A748CA7DC3A66754,
				2D1950B0BD726604087C5CC3,
				E4AB2E2E2DC0CA6ECA35C8ED,
				31C96A956F6FDFC4D3AF039B,
				873DAB17B560B5F08AB47493,
				8B6BA909B267293FAFBB542B,
				DB7455916606824E47E2394D,
				75A6051574D91B1BC4BE7743,
				45AB32A38C6EB19284573E81,
				93F835B88BB3215CAD23B26A,
				BB9663344BE39B9A3984999E,
				007AED47B294FCC24468BC69,
				777CDF2B7D68EE9963A257D6,
				CA7F80FF3BFAFB914F4EF347,
				99FD001A059DBA9655F950C4,
				A54F64E16B771EDFD20F5EFB,
				36E904DC1F7889CD29A6814E,
			);
			runOnlyForDeploymentPostprocessing = 0;
		};
		5BDDA76ED56F5A8631D89BE9 = {
			isa = PBXFrameworksBuildPhase;
			buildActionMask = 2147483647;
			files = (
				4F359DE9192B57C637DA8CD7,
				CD5A69E3A748CA7DC3A66754,
				2D1950B0BD726604087C5CC3,
				E4AB2E2E2DC0CA6ECA35C8ED,
				31C96A956F6FDFC4D3AF039B,
				873DAB17B560B5F08AB47493,
				8B6BA909B267293FAFBB542B,
				DB7455916606824E47E2394D,
				75A6051574D91B1BC4BE7743,
				45AB32A38C6EB19284573E81,
				93F835B88BB3215CAD23B26A,
				BB9663344BE39B9A3984999E,
				007AED47B294FCC24468BC69,
				777CDF2B7D68EE9963A257D6,
				CA7F80FF3BFAFB914F4EF347,
				99FD001A059DBA9655F950C4,
				A54F64E16B771EDFD20F5EFB,
				36E904DC1F7889CD29A6814E,
			);
			runOnlyForDeploymentPostprocessing = 0;
		};
		BDBC7C6EEA6275935AFC7C6E = {
			isa = PBXFrameworksBuildPhase;
			buildActionMask = 2147483647;
			files = (
				4F359DE9192B57C637DA8CD7,
				CD5A69E3A748CA7DC3A66754,
				2D1950B0BD726604087C5CC3,
				E4AB2E2E2DC0CA6ECA35C8ED,
				31C96A956F6FDFC4D3AF039B,
				873DAB17B560B5F08AB47493,
				8B6BA909B267293FAFBB542B,
				DB7455916606824E47E2394D,
				75A6051574D91B1BC4BE7743,
				45AB32A38C6EB19284573E81,
				93F835B88BB3215CAD23B26A,
				BB9663344BE39B9A3984999E,
				007AED47B294FCC24468BC69,
				777CDF2B7D68EE9963A257D6,
				CA7F80FF3BFAFB914F4EF347,
				99FD001A059DBA9655F950C4,
				A54F64E16B771EDFD20F5EFB,
				36E904DC1F7889CD29A6814E,
			);
			runOnlyForDeploymentPostprocessing = 0;
		};
		EC7DD4B44D68C3111D7B82CD = {
			isa = PBXFrameworksBuildPhase;
			buildActionMask = 2147483647;
			files = (
				4F359DE9192B57C637DA8CD7,
				CD5A69E3A748CA7DC3A66754,
				2D1950B0BD726604087C5CC3,
				E4AB2E2E2DC0CA6ECA35C8ED,
				31C96A956F6FDFC4D3AF039B,
				873DAB17B560B5F08AB47493,
				8B6BA909B267293FAFBB542B,
				DB7455916606824E47E2394D,
				75A6051574D91B1BC4BE7743,
				45AB32A38C6EB19284573E81,
				93F835B88BB3215CAD23B26A,
				BB9663344BE39B9A3984999E,
				007AED47B294FCC24468BC69,
				777CDF2B7D68EE9963A257D6,
				CA7F80FF3BFAFB914F4EF347,
				99FD001A059DBA9655F950C4,
				A54F64E16B771EDFD20F5EFB,
				36E904DC1F7889CD29A6814E,
			);
			runOnlyForDeploymentPostprocessing = 0;
		};
/* End PBXFrameworksBuildPhase section */

/* Begin PBXGroup section */
		169EDC2F0DDBE0B934B978E4 /* Source */ = {
			isa = PBXGroup;
			children = (
				1FE6E133948AB016D4D23C71,
				658E534259252A14490913BD,
				C84F1418D583A71166018B16,
				3059918C3273087778D39E83,
				952E5CD9FA44E90CEBD3CC98,
				A4547701CEAC0E47DCAAB019,
			);
			name = Source;
			sourceTree = "<group>";
		};
		1FE6E133948AB016D4D23C71 /* AIASS */ = {
			isa = PBXGroup;
			children = (
				640FA4A5532A10E2E884B58F,
				31C62C435690A008C39948DE,
				04006F2026F7BDE3A4CF4072,
			);
			name = AIASS;
			sourceTree = "<group>";
		};
		3059918C3273087778D39E83 /* Resources */ = {
			isa = PBXGroup;
			children = (
				E6A91751FCFB43C9E5936B4A,
				34D9691F7E008AF1B57FF74B,
				7DEF4967D5FE2A2F0DC26597,
				FFDAB86144DD337F85C1E044,
				F7666F0A11BD664DE775F6EE,
			);
			name = Resources;
			sourceTree = "<group>";
		};
		640FA4A5532A10E2E884B58F /* Source */ = {
			isa = PBXGroup;
			children = (
				644A305D24E14C7179D97F89,
				61B6B1CFBA49018742D7ACB4,
				D66E7D4B3C29443291C60B23,
				7C664DFF039792D75AC40269,
				C7A80AB8F4945B2061026073,
				18B416BF83506E3D0B7E9F40,
				294B4B880A56340BB8D9A6CF,
				C62CFC064CB506E1D828F229,
				D57A574F200383C7F45DD94B,
				C7DC42EF7910C2C31AE294E7,
				2B1332AE3EFBEB483AAC2F79,
			);
			name = Source;
			sourceTree = "<group>";
		};
		658E534259252A14490913BD /* JUCE Modules */ = {
			isa = PBXGroup;
			children = (
				850CBDFE59C8924239640CFC,
				79151F7E9BC75C87D0A48495,
				0D6B8FBEB60AE2B41C11799D,
				0A99DE1A89FECE769469588D,
				BB42FC714DD90A4BB4A48443,
				68BDB09F900FF3E745E67C50,
				034B58615AFFAC662A023908,
				7BD57C4B7D213E481C05AFC0,
				2EE23D1B68473C38E2F766D8,
				E8013BA1F1DB5043E24C1E7F,
				3EB153B2800E3F42354BEEF3,
				005835E360E9ED9839C856AB,
				9FB04D698B901F2D65239E85,
				09939C0A8C53E3FCB184D259,
				50FE484CD2DD8BB62EB557BC,
			);
			name = "JUCE Modules";
			sourceTree = "<group>";
		};
		952E5CD9FA44E90CEBD3CC98 /* Frameworks */ = {
			isa = PBXGroup;
			children = (
				273DD3F94CC9D80170D9975E,
				4FBA5FB6A049DEBAA0F7BCDF,
				8A3F25E145C69919EAEF2173,
				07901A871474038D5FEAD8EF,
				8F6BAE466146505791EA076C,
				C0BCE627EECC8817871F3FD4,
				72C9BB44DEB78E1D7ED98D5E,
				FC42B581C66CF9CF8BC66022,
				949B46BCA0251713C4D4D80D,
				78772EDA588FE9C98C90F35E,
				A09CF8800BEFE2ABE6B2B87B,
				544B5D6DF2DEEA63F75CE869,
				2286061A1426AB9D22FB7BC9,
				4D9C1395B664DF0810B0AE67,
				5B66C36201AD74ADDF3DAD3C,
				BC8CE28709EBC6E442AB3AD0,
				0451854684F25EBF9C14E07C,
				8ACB9148CFA67CA01DF81BA2,
			);
			name = Frameworks;
			sourceTree = "<group>";
		};
		A4547701CEAC0E47DCAAB019 /* Products */ = {
			isa = PBXGroup;
			children = (
				8DE1D89E83032C36EAF3A561,
				4E44822961A3D165A50E411B,
				05902585D9BD18E398E79A74,
				03FD6FA25845FBD426296F07,
				E2589B1189E1B3739FBE29F1,
			);
			name = Products;
			sourceTree = "<group>";
		};
		C84F1418D583A71166018B16 /* JUCE Library Code */ = {
			isa = PBXGroup;
			children = (
				6000BE950A0A562A1BAE0586,
				E789AA44DD9AA2F61A01B271,
				15530DA21AC1C946FFB6A28E,
				6CC57311243FC1781CB1C5DE,
				2079DC7D399D3A5F1B7F3EF5,
				852DBA96B24FA1E1D42F2353,
				712F8CDD2BA9E6419DE09713,
				D7A73C65CE0CBCE0339F0C24,
				3A8DF40E68D4E8D321D565CA,
				7E7DCC3A967A2C15BFE852FF,
				6D435DCA100406CA199E0D83,
				DBCF90888B8D7C78920B8251,
				9E0E82CA5DD83B2C9AFD307C,
				49E03E644758E09488403361,
				9BCDE6AFD642B577AFFF7873,
				9F2245113EBB80153037859A,
				ADE520FCC25F055C3A695421,
				D2DF19C70DDCB637C279FAEB,
				B700D624EB0B9E9F6169CAE3,
				61B1A8A2F1E72247F70AC580,
				01095D11DD58D4645AB53453,
				5CC089A4C35A64A0A58FFE0E,
				E36A9FADDD827DA05FA132E8,
				4A00AB3F4C5ABF864CF455F1,
				9E485BAB53C5DC925BCF3DEE,
				F7A411CC598A59DCFA30049C,
				3D6DE13C2E7F39028D5C2D17,
				49BB455AAC33B2497530398D,
			);
			name = "JUCE Library Code";
			sourceTree = "<group>";
		};
/* End PBXGroup section */

/* Begin PBXNativeTarget section */
		01D7DD5522CE52A5EE292FA0 /* AIASS - VST3 Manifest Helper */ = {
			isa = PBXNativeTarget;
			buildConfigurationList = 401AED72D1354FFE30AA6B97;
			buildPhases = (
				B2870C7DE5F46FEFCED80513,
				EC7DD4B44D68C3111D7B82CD,
			);
			buildRules = (
			);
			dependencies = (
			);
			name = "AIASS - VST3 Manifest Helper";
			productName = AIASS;
			productReference = E2589B1189E1B3739FBE29F1;
			productType = "com.apple.product-type.tool";
		};
		049B066192BA19F3C1CDC510 /* AIASS - VST3 */ = {
			isa = PBXNativeTarget;
			buildConfigurationList = 169C30357C84AEBDBA1E79CA;
			buildPhases = (
				AE888DA91D7B6A8EAB308217,
				44ABD84C2BF06DE40897BA7B,
				1F734B0987DD206CBE24F54A,
				4419D5F166E321DBB367B695,
				AEDFB676DC4E7B0145A47992,
			);
			buildRules = (
			);
			dependencies = (
				E06C64C28F36B2A29AB41DFE,
				C46F3A2482B8B478687BE45C,
			);
			name = "AIASS - VST3";
			productName = AIASS;
			productReference = 4E44822961A3D165A50E411B;
			productType = "com.apple.product-type.bundle";
		};
		5C48E58614477578BD3269DD /* AIASS - Shared Code */ = {
			isa = PBXNativeTarget;
			buildConfigurationList = B1B20CE48E025EF826AF66D7;
			buildPhases = (
				DC852C5D93371E6792268AD9,
			);
			buildRules = (
			);
			dependencies = (
			);
			name = "AIASS - Shared Code";
			productName = AIASS;
			productReference = 03FD6FA25845FBD426296F07;
			productType = "com.apple.product-type.library.static";
		};
		6B9D660CCBEA41D01E53AC0B /* AIASS - VST */ = {
			isa = PBXNativeTarget;
			buildConfigurationList = D5B5EEB24565C2DA91B68A0F;
			buildPhases = (
				28B6FCFA67B9C073AAFFF191,
				3DB9C750E0E8F6E956359805,
				5BDDA76ED56F5A8631D89BE9,
				ED3EAAF9F148B7D303CC0DC3,
			);
			buildRules = (
			);
			dependencies = (
				7C255BFF9FC9973BE12B3213,
			);
			name = "AIASS - VST";
			productName = AIASS;
			productReference = 8DE1D89E83032C36EAF3A561;
			productType = "com.apple.product-type.bundle";
		};
		75CB5E424406DA694018E8E1 /* AIASS - Standalone Plugin */ = {
			isa = PBXNativeTarget;
			buildConfigurationList = 0095C2FE18FE239516814201;
			buildPhases = (
				BE533195723F1BBAB401DACA,
				FC580164662D388568A1C336,
				BDBC7C6EEA6275935AFC7C6E,
			);
			buildRules = (
			);
			dependencies = (
				867DDAE578DC2D415039FBBF,
			);
			name = "AIASS - Standalone Plugin";
			productName = AIASS;
			productReference = 05902585D9BD18E398E79A74;
			productType = "com.apple.product-type.application";
		};
/* End PBXNativeTarget section */

/* Begin PBXProject section */
		405068FC19880A47CCC3F968 = {
			isa = PBXProject;
			attributes = {
				BuildIndependentTargetsInParallel = YES;
				LastUpgradeCheck = 1340;
				ORGANIZATIONNAME = "crazy";
				TargetAttributes = {
					01D7DD5522CE52A5EE292FA0 = {
						SystemCapabilities = {
							com.apple.ApplicationGroups.iOS = {
								enabled = 0;
							};
							com.apple.HardenedRuntime = {
								enabled = 0;
							};
							com.apple.InAppPurchase = {
								enabled = 0;
							};
							com.apple.InterAppAudio = {
								enabled = 0;
							};
							com.apple.Push = {
								enabled = 0;
							};
							com.apple.Sandbox = {
								enabled = 0;
							};
						};
					};
					049B066192BA19F3C1CDC510 = {
						SystemCapabilities = {
							com.apple.ApplicationGroups.iOS = {
								enabled = 0;
							};
							com.apple.HardenedRuntime = {
								enabled = 0;
							};
							com.apple.InAppPurchase = {
								enabled = 0;
							};
							com.apple.InterAppAudio = {
								enabled = 0;
							};
							com.apple.Push = {
								enabled = 0;
							};
							com.apple.Sandbox = {
								enabled = 0;
							};
						};
					};
					5C48E58614477578BD3269DD = {
						SystemCapabilities = {
							com.apple.ApplicationGroups.iOS = {
								enabled = 0;
							};
							com.apple.HardenedRuntime = {
								enabled = 0;
							};
							com.apple.InAppPurchase = {
								enabled = 0;
							};
							com.apple.InterAppAudio = {
								enabled = 0;
							};
							com.apple.Push = {
								enabled = 0;
							};
							com.apple.Sandbox = {
								enabled = 0;
							};
						};
					};
					6B9D660CCBEA41D01E53AC0B = {
						SystemCapabilities = {
							com.apple.ApplicationGroups.iOS = {
								enabled = 0;
							};
							com.apple.HardenedRuntime = {
								enabled = 0;
							};
							com.apple.InAppPurchase = {
								enabled = 0;
							};
							com.apple.InterAppAudio = {
								enabled = 0;
							};
							com.apple.Push = {
								enabled = 0;
							};
							com.apple.Sandbox = {
								enabled = 0;
							};
						};
					};
					75CB5E424406DA694018E8E1 = {
						SystemCapabilities = {
							com.apple.ApplicationGroups.iOS = {
								enabled = 0;
							};
							com.apple.HardenedRuntime = {
								enabled = 0;
							};
							com.apple.InAppPurchase = {
								enabled = 0;
							};
							com.apple.InterAppAudio = {
								enabled = 0;
							};
							com.apple.Push = {
								enabled = 0;
							};
							com.apple.Sandbox = {
								enabled = 0;
							};
						};
					};
					CCF2483332BE193B503FA2E2 = {
						SystemCapabilities = {
							com.apple.ApplicationGroups.iOS = {
								enabled = 0;
							};
							com.apple.HardenedRuntime = {
								enabled = 0;
							};
							com.apple.InAppPurchase = {
								enabled = 0;
							};
							com.apple.InterAppAudio = {
								enabled = 0;
							};
							com.apple.Push = {
								enabled = 0;
							};
							com.apple.Sandbox = {
								enabled = 0;
							};
						};
					};
				};
			};
			buildConfigurationList = 8F7CCE88074CEB6603189D2E;
			compatibilityVersion = "Xcode 3.2";
			hasScannedForEncodings = 0;
			knownRegions = (
				en,
				Base,
			);
			mainGroup = 169EDC2F0DDBE0B934B978E4;
			projectDirPath = "";
			projectRoot = "";
			targets = (
				CCF2483332BE193B503FA2E2,
				6B9D660CCBEA41D01E53AC0B,
				049B066192BA19F3C1CDC510,
				75CB5E424406DA694018E8E1,
				5C48E58614477578BD3269DD,
				01D7DD5522CE52A5EE292FA0,
			);
		};
/* End PBXProject section */

/* Begin PBXResourcesBuildPhase section */
		28B6FCFA67B9C073AAFFF191 = {
			isa = PBXResourcesBuildPhase;
			buildActionMask = 2147483647;
			files = (
				2D89D0AA0F853AAA411C5ABB,
			);
			runOnlyForDeploymentPostprocessing = 0;
		};
		AE888DA91D7B6A8EAB308217 = {
			isa = PBXResourcesBuildPhase;
			buildActionMask = 2147483647;
			files = (
				2D89D0AA0F853AAA411C5ABB,
			);
			runOnlyForDeploymentPostprocessing = 0;
		};
		BE533195723F1BBAB401DACA = {
			isa = PBXResourcesBuildPhase;
			buildActionMask = 2147483647;
			files = (
				2D89D0AA0F853AAA411C5ABB,
			);
			runOnlyForDeploymentPostprocessing = 0;
		};
/* End PBXResourcesBuildPhase section */

/* Begin PBXShellScriptBuildPhase section */
		4419D5F166E321DBB367B695 /* Update manifest */ = {
			isa = PBXShellScriptBuildPhase;
			buildActionMask = 2147483647;
			files = (
			);
			runOnlyForDeploymentPostprocessing = 0;
			name = "Update manifest";
			alwaysOutOfDate = 1;
			shellPath = /bin/sh;
			shellScript = "set -euo pipefail\n\necho Running codesign --verbose=4 --force --sign - \\\"${CONFIGURATION_BUILD_DIR}/${WRAPPER_NAME}\\\"\ncodesign --verbose=4 --force --sign - \"${CONFIGURATION_BUILD_DIR}/${WRAPPER_NAME}\"\n\necho Running \\\"${CONFIGURATION_BUILD_DIR}/juce_vst3_helper\\\" -create -version \\\"0.9.6\\\" -path \\\"${CONFIGURATION_BUILD_DIR}/${WRAPPER_NAME}\\\" -output \\\"${CONFIGURATION_BUILD_DIR}/${WRAPPER_NAME}/Contents/Resources/moduleinfo.json\\\"\n\"${CONFIGURATION_BUILD_DIR}/juce_vst3_helper\" -create -version \"0.9.6\" -path \"${CONFIGURATION_BUILD_DIR}/${WRAPPER_NAME}\" -output \"${CONFIGURATION_BUILD_DIR}/${WRAPPER_NAME}/Contents/Resources/moduleinfo.json\"\n";
		};
		AEDFB676DC4E7B0145A47992 /* Plugin Copy Step */ = {
			isa = PBXShellScriptBuildPhase;
			buildActionMask = 2147483647;
			files = (
			);
			runOnlyForDeploymentPostprocessing = 0;
			name = "Plugin Copy Step";
			alwaysOutOfDate = 1;
			shellPath = /bin/sh;
			shellScript = "set -euo pipefail\n\nif [[ \"${CONFIGURATION}\" == \"Debug\" ]]; then\n  destinationPlugin=\"${HOME}/Library/Audio/Plug-Ins/VST3//$(basename \"${TARGET_BUILD_DIR}/${WRAPPER_NAME}\")\"\n  echo Running rm -rf \\\"${destinationPlugin}\\\"\n  rm -rf \"${destinationPlugin}\"\n  echo Running ditto \\\"${TARGET_BUILD_DIR}/${WRAPPER_NAME}\\\" \\\"${destinationPlugin}\\\"\n  ditto \"${TARGET_BUILD_DIR}/${WRAPPER_NAME}\" \"${destinationPlugin}\"\n\n  if [[ -n \"${EXPANDED_CODE_SIGN_IDENTITY-}\" ]]; then\n    if [[ -n \"${CODE_SIGN_ENTITLEMENTS-}\" ]]; then\n      entitlementsArg=(--entitlements \"${CODE_SIGN_ENTITLEMENTS}\")\n    fi\n\n    echo Signing Identity: \\\"${EXPANDED_CODE_SIGN_IDENTITY_NAME}\\\"\n    echo Running codesign --verbose=4 --force --sign \\\"${EXPANDED_CODE_SIGN_IDENTITY}\\\" ${entitlementsArg[*]-} ${OTHER_CODE_SIGN_FLAGS-} \\\"${HOME}/Library/Audio/Plug-Ins/VST3//${WRAPPER_NAME}\\\"\n    codesign --verbose=4 --force --sign \"${EXPANDED_CODE_SIGN_IDENTITY}\" ${entitlementsArg[*]-} ${OTHER_CODE_SIGN_FLAGS-} \"${HOME}/Library/Audio/Plug-Ins/VST3//${WRAPPER_NAME}\"\n  fi\nfi\n\nif [[ \"${CONFIGURATION}\" == \"Release\" ]]; then\n  destinationPlugin=\"${HOME}/Library/Audio/Plug-Ins/VST3//$(basename \"${TARGET_BUILD_DIR}/${WRAPPER_NAME}\")\"\n  echo Running rm -rf \\\"${destinationPlugin}\\\"\n  rm -rf \"${destinationPlugin}\"\n  echo Running ditto \\\"${TARGET_BUILD_DIR}/${WRAPPER_NAME}\\\" \\\"${destinationPlugin}\\\"\n  ditto \"${TARGET_BUILD_DIR}/${WRAPPER_NAME}\" \"${destinationPlugin}\"\n\n  if [[ -n \"${EXPANDED_CODE_SIGN_IDENTITY-}\" ]]; then\n    if [[ -n \"${CODE_SIGN_ENTITLEMENTS-}\" ]]; then\n      entitlementsArg=(--entitlements \"${CODE_SIGN_ENTITLEMENTS}\")\n    fi\n\n    echo Signing Identity: \\\"${EXPANDED_CODE_SIGN_IDENTITY_NAME}\\\"\n    echo Running codesign --verbose=4 --force --sign \\\"${EXPANDED_CODE_SIGN_IDENTITY}\\\" ${entitlementsArg[*]-} ${OTHER_CODE_SIGN_FLAGS-} \\\"${HOME}/Library/Audio/Plug-Ins/VST3//${WRAPPER_NAME}\\\"\n    codesign --verbose=4 --force --sign \"${EXPANDED_CODE_SIGN_IDENTITY}\" ${entitlementsArg[*]-} ${OTHER_CODE_SIGN_FLAGS-} \"${HOME}/Library/Audio/Plug-Ins/VST3//${WRAPPER_NAME}\"\n  fi\nfi\n";
		};
		ED3EAAF9F148B7D303CC0DC3 /* Plugin Copy Step */ = {
			isa = PBXShellScriptBuildPhase;
			buildActionMask = 2147483647;
			files = (
			);
			runOnlyForDeploymentPostprocessing = 0;
			name = "Plugin Copy Step";
			alwaysOutOfDate = 1;
			shellPath = /bin/sh;
			shellScript = "set -euo pipefail\n\nif [[ \"${CONFIGURATION}\" == \"Debug\" ]]; then\n  destinationPlugin=\"${HOME}/Library/Audio/Plug-Ins/VST//$(basename \"${TARGET_BUILD_DIR}/${WRAPPER_NAME}\")\"\n  echo Running rm -rf \\\"${destinationPlugin}\\\"\n  rm -rf \"${destinationPlugin}\"\n  echo Running ditto \\\"${TARGET_BUILD_DIR}/${WRAPPER_NAME}\\\" \\\"${destinationPlugin}\\\"\n  ditto \"${TARGET_BUILD_DIR}/${WRAPPER_NAME}\" \"${destinationPlugin}\"\n\n  if [[ -n \"${EXPANDED_CODE_SIGN_IDENTITY-}\" ]]; then\n    if [[ -n \"${CODE_SIGN_ENTITLEMENTS-}\" ]]; then\n      entitlementsArg=(--entitlements \"${CODE_SIGN_ENTITLEMENTS}\")\n    fi\n\n    echo Signing Identity: \\\"${EXPANDED_CODE_SIGN_IDENTITY_NAME}\\\"\n    echo Running codesign --verbose=4 --force --sign \\\"${EXPANDED_CODE_SIGN_IDENTITY}\\\" ${entitlementsArg[*]-} ${OTHER_CODE_SIGN_FLAGS-} \\\"${HOME}/Library/Audio/Plug-Ins/VST//${WRAPPER_NAME}\\\"\n    codesign --verbose=4 --force --sign \"${EXPANDED_CODE_SIGN_IDENTITY}\" ${entitlementsArg[*]-} ${OTHER_CODE_SIGN_FLAGS-} \"${HOME}/Library/Audio/Plug-Ins/VST//${WRAPPER_NAME}\"\n  fi\nfi\n\nif [[ \"${CONFIGURATION}\" == \"Release\" ]]; then\n  destinationPlugin=\"${HOME}/Library/Audio/Plug-Ins/VST//$(basename \"${TARGET_BUILD_DIR}/${WRAPPER_NAME}\")\"\n  echo Running rm -rf \\\"${destinationPlugin}\\\"\n  rm -rf \"${destinationPlugin}\"\n  echo Running ditto \\\"${TARGET_BUILD_DIR}/${WRAPPER_NAME}\\\" \\\"${destinationPlugin}\\\"\n  ditto \"${TARGET_BUILD_DIR}/${WRAPPER_NAME}\" \"${destinationPlugin}\"\n\n  if [[ -n \"${EXPANDED_CODE_SIGN_IDENTITY-}\" ]]; then\n    if [[ -n \"${CODE_SIGN_ENTITLEMENTS-}\" ]]; then\n      entitlementsArg=(--entitlements \"${CODE_SIGN_ENTITLEMENTS}\")\n    fi\n\n    echo Signing Identity: \\\"${EXPANDED_CODE_SIGN_IDENTITY_NAME}\\\"\n    echo Running codesign --verbose=4 --force --sign \\\"${EXPANDED_CODE_SIGN_IDENTITY}\\\" ${entitlementsArg[*]-} ${OTHER_CODE_SIGN_FLAGS-} \\\"${HOME}/Library/Audio/Plug-Ins/VST//${WRAPPER_NAME}\\\"\n    codesign --verbose=4 --force --sign \"${EXPANDED_CODE_SIGN_IDENTITY}\" ${entitlementsArg[*]-} ${OTHER_CODE_SIGN_FLAGS-} \"${HOME}/Library/Audio/Plug-Ins/VST//${WRAPPER_NAME}\"\n  fi\nfi\n";
		};
/* End PBXShellScriptBuildPhase section */

/* Begin PBXSourcesBuildPhase section */
		3DB9C750E0E8F6E956359805 = {
			isa = PBXSourcesBuildPhase;
			buildActionMask = 2147483647;
			files = (
				05445EEED13B60D3F550444B,
			);
			runOnlyForDeploymentPostprocessing = 0;
		};
		44ABD84C2BF06DE40897BA7B = {
			isa = PBXSourcesBuildPhase;
			buildActionMask = 2147483647;
			files = (
				78841AD9E049AE2756A1C1EF,
			);
			runOnlyForDeploymentPostprocessing = 0;
		};
		B2870C7DE5F46FEFCED80513 = {
			isa = PBXSourcesBuildPhase;
			buildActionMask = 2147483647;
			files = (
				C8A8EF340ED102CC485909FD,
			);
			runOnlyForDeploymentPostprocessing = 0;
		};
		DC852C5D93371E6792268AD9 = {
			isa = PBXSourcesBuildPhase;
			buildActionMask = 2147483647;
			files = (
				89827F631EAA176406E518C8,
				C332C0DB92DA8C45EF1871F2,
				44B6C07A55BA54B0F2CB750B,
				DFCF450DDC16E1015D341246,
				A608DEA484CAF9F095901BD3,
				187A7B65171E25F642E11010,
				E758601822423FC58F362E4B,
				861F6AFA8760A4838D2534BB,
				3DDACDC566B3F4BF4F0F9723,
				770A89A0981FF3EE054C96CC,
				AA8008411DAAE5F49E746572,
				05DE25C3EA92366496DB9C29,
				547A7D4328273A58DE667579,
				C959048C76385B6AA603DD5D,
				AA1262FB962649F354743791,
				B8456D62392B5C701F520621,
				B0E0DE77CDF403BECCFBAF84,
				B55E2A9C6CC1EA3C188E93A1,
				B3225013454A31B6DF502ED9,
				95EE79AC7D3DBACB05AE1E4A,
				7A67C52C94B7AD6543D460B9,
				E7ED4BB8243318B0CCBA54BE,
				E8C33320895995466A766693,
				D453F2E5A285D9CD11B0D99C,
				B60A3CE897282F5235801B51,
			);
			runOnlyForDeploymentPostprocessing = 0;
		};
		FC580164662D388568A1C336 = {
			isa = PBXSourcesBuildPhase;
			buildActionMask = 2147483647;
			files = (
				22C5A5899E768735A90EBA30,
			);
			runOnlyForDeploymentPostprocessing = 0;
		};
/* End PBXSourcesBuildPhase section */

/* Begin PBXTargetDependency section */
		2DE159BCDEBDEF9C12B4CDFE = {
			isa = PBXTargetDependency;
			target = 6B9D660CCBEA41D01E53AC0B;
		};
		7C255BFF9FC9973BE12B3213 = {
			isa = PBXTargetDependency;
			target = 5C48E58614477578BD3269DD;
		};
		867DDAE578DC2D415039FBBF = {
			isa = PBXTargetDependency;
			target = 5C48E58614477578BD3269DD;
		};
		AEA65AF693F544B9DD8D8212 = {
			isa = PBXTargetDependency;
			target = 049B066192BA19F3C1CDC510;
		};
		C46F3A2482B8B478687BE45C = {
			isa = PBXTargetDependency;
			target = 01D7DD5522CE52A5EE292FA0;
		};
		C4E74E089ECAA4E6E5246486 = {
			isa = PBXTargetDependency;
			target = 5C48E58614477578BD3269DD;
		};
		C7E1187EAC04F624D5CFA431 = {
			isa = PBXTargetDependency;
			target = 01D7DD5522CE52A5EE292FA0;
		};
		D15793CACC29DB0B77439656 = {
			isa = PBXTargetDependency;
			target = 75CB5E424406DA694018E8E1;
		};
		E06C64C28F36B2A29AB41DFE = {
			isa = PBXTargetDependency;
			target = 5C48E58614477578BD3269DD;
		};
/* End PBXTargetDependency section */

/* Begin XCBuildConfiguration section */
		1D0F6D3D4FF8970C8ADF807C /* Debug */ = {
			isa = XCBuildConfiguration;
			buildSettings = {
				CLANG_CXX_LANGUAGE_STANDARD = "c++20";
				CLANG_CXX_LIBRARY = "libc++";
				CLANG_LINK_OBJC_RUNTIME = NO;
				COMBINE_HIDPI_IMAGES = YES;
				CONFIGURATION_BUILD_DIR = "$(PROJECT_DIR)/build/$(CONFIGURATION)";
				COPY_PHASE_STRIP = NO;
				EXCLUDED_ARCHS = "i386";
				GCC_DYNAMIC_NO_PIC = NO;
				GCC_OPTIMIZATION_LEVEL = 0;
				GCC_PREPROCESSOR_DEFINITIONS = (
					"_DEBUG=1",
					"DEBUG=1",
					"JUCER_XCODE_MAC_F6D2F4CF=1",
					"JUCE_APP_VERSION=0.9.6",
					"JUCE_APP_VERSION_HEX=0x906",
					"JucePlugin_Build_VST=0",
					"JucePlugin_Build_VST3=0",
					"JucePlugin_Build_AU=0",
					"JucePlugin_Build_AUv3=0",
					"JucePlugin_Build_AAX=0",
					"JucePlugin_Build_Standalone=0",
					"JucePlugin_Build_Unity=0",
					"JucePlugin_Build_LV2=0",
				);
				GCC_VERSION = com.apple.compilers.llvm.clang.1_0;
				HEADER_SEARCH_PATHS = (
					"$(HOME)/JUCE/modules/juce_audio_processors/format_types/VST3_SDK",
					"$(SRCROOT)/../../../../Frameworks/VST_SDK_legacy/VST2_SDK",
					"$(SRCROOT)/../../JuceLibraryCode",
					"$(HOME)/JUCE/modules",
					"$(HOME)/JUCE/modules/juce_audio_plugin_client/AU",
					"$(inherited)",
				);
				INFOPLIST_FILE = Info-VST3_Manifest_Helper.plist;
				INFOPLIST_PREPROCESS = NO;
				MACOSX_DEPLOYMENT_TARGET = 10.13;
				MTL_HEADER_SEARCH_PATHS = "$(HOME)/JUCE/modules/juce_audio_processors/format_types/VST3_SDK $(SRCROOT)/../../../../Frameworks/VST_SDK_legacy/VST2_SDK $(SRCROOT)/../../JuceLibraryCode $(HOME)/JUCE/modules $(HOME)/JUCE/modules/juce_audio_plugin_client/AU";
				PRODUCT_BUNDLE_IDENTIFIER = com.crazymidi.AIASSUno;
				PRODUCT_NAME = "juce_vst3_helper";
				USE_HEADERMAP = NO;
				VALIDATE_WORKSPACE_SKIPPED_SDK_FRAMEWORKS = OpenGL;
				VALID_ARCHS = "arm64 arm64e x86_64";
			};
			name = Debug;
		};
		26D4AC86FD5B6E98CE6129B6 /* Debug */ = {
			isa = XCBuildConfiguration;
			buildSettings = {
				CLANG_CXX_LANGUAGE_STANDARD = "c++20";
				CLANG_CXX_LIBRARY = "libc++";
				CLANG_LINK_OBJC_RUNTIME = NO;
				COMBINE_HIDPI_IMAGES = YES;
				CONFIGURATION_BUILD_DIR = "$(PROJECT_DIR)/build/$(CONFIGURATION)";
				COPY_PHASE_STRIP = NO;
				EXCLUDED_ARCHS = "i386";
				GCC_DYNAMIC_NO_PIC = NO;
				GCC_OPTIMIZATION_LEVEL = 0;
				GCC_PREPROCESSOR_DEFINITIONS = (
					"_DEBUG=1",
					"DEBUG=1",
					"JUCER_XCODE_MAC_F6D2F4CF=1",
					"JUCE_APP_VERSION=0.9.6",
					"JUCE_APP_VERSION_HEX=0x906",
					"JucePlugin_Build_VST=0",
					"JucePlugin_Build_VST3=1",
					"JucePlugin_Build_AU=0",
					"JucePlugin_Build_AUv3=0",
					"JucePlugin_Build_AAX=0",
					"JucePlugin_Build_Standalone=0",
					"JucePlugin_Build_Unity=0",
					"JucePlugin_Build_LV2=0",
				);
				GCC_VERSION = com.apple.compilers.llvm.clang.1_0;
				GENERATE_PKGINFO_FILE = YES;
				HEADER_SEARCH_PATHS = (
					"$(HOME)/JUCE/modules/juce_audio_processors/format_types/VST3_SDK",
					"$(SRCROOT)/../../../../Frameworks/VST_SDK_legacy/VST2_SDK",
					"$(SRCROOT)/../../JuceLibraryCode",
					"$(HOME)/JUCE/modules",
					"$(HOME)/JUCE/modules/juce_audio_plugin_client/AU",
					"$(inherited)",
				);
				INFOPLIST_FILE = Info-VST3.plist;
				INFOPLIST_PREPROCESS = NO;
				INSTALL_PATH = "$(HOME)/Library/Audio/Plug-Ins/VST3/";
				LIBRARY_STYLE = Bundle;
				MACOSX_DEPLOYMENT_TARGET = 10.13;
				MTL_HEADER_SEARCH_PATHS = "$(HOME)/JUCE/modules/juce_audio_processors/format_types/VST3_SDK $(SRCROOT)/../../../../Frameworks/VST_SDK_legacy/VST2_SDK $(SRCROOT)/../../JuceLibraryCode $(HOME)/JUCE/modules $(HOME)/JUCE/modules/juce_audio_plugin_client/AU";
				OTHER_LDFLAGS = "-bundle -lAIASS";
				PRODUCT_BUNDLE_IDENTIFIER = com.crazymidi.AIASSUno;
				PRODUCT_NAME = "AIASS";
				USE_HEADERMAP = NO;
				VALIDATE_WORKSPACE_SKIPPED_SDK_FRAMEWORKS = OpenGL;
				VALID_ARCHS = "arm64 arm64e x86_64";
				WRAPPER_EXTENSION = vst3;
			};
			name = Debug;
		};
		2F85DC2B95797C071ED61D40 /* Debug */ = {
			isa = XCBuildConfiguration;
			buildSettings = {
				MACOSX_DEPLOYMENT_TARGET = 10.13;
				SDKROOT = macosx;
			};
			name = Debug;
		};
		324F703822F32781CBD17128 /* Release */ = {
			isa = XCBuildConfiguration;
			buildSettings = {
				CLANG_CXX_LANGUAGE_STANDARD = "c++20";
				CLANG_CXX_LIBRARY = "libc++";
				CLANG_LINK_OBJC_RUNTIME = NO;
				COMBINE_HIDPI_IMAGES = YES;
				CONFIGURATION_BUILD_DIR = "$(PROJECT_DIR)/build/$(CONFIGURATION)";
				DEAD_CODE_STRIPPING = YES;
				EXCLUDED_ARCHS = "i386";
				GCC_GENERATE_DEBUGGING_SYMBOLS = NO;
				GCC_OPTIMIZATION_LEVEL = 3;
				GCC_PREPROCESSOR_DEFINITIONS = (
					"_NDEBUG=1",
					"NDEBUG=1",
					"JUCER_XCODE_MAC_F6D2F4CF=1",
					"JUCE_APP_VERSION=0.9.6",
					"JUCE_APP_VERSION_HEX=0x906",
					"JucePlugin_Build_VST=0",
					"JucePlugin_Build_VST3=1",
					"JucePlugin_Build_AU=0",
					"JucePlugin_Build_AUv3=0",
					"JucePlugin_Build_AAX=0",
					"JucePlugin_Build_Standalone=0",
					"JucePlugin_Build_Unity=0",
					"JucePlugin_Build_LV2=0",
				);
				GCC_VERSION = com.apple.compilers.llvm.clang.1_0;
				GENERATE_PKGINFO_FILE = YES;
				HEADER_SEARCH_PATHS = (
					"$(HOME)/JUCE/modules/juce_audio_processors/format_types/VST3_SDK",
					"$(SRCROOT)/../../../../Frameworks/VST_SDK_legacy/VST2_SDK",
					"$(SRCROOT)/../../JuceLibraryCode",
					"$(HOME)/JUCE/modules",
					"$(HOME)/JUCE/modules/juce_audio_plugin_client/AU",
					"$(inherited)",
				);
				INFOPLIST_FILE = Info-VST3.plist;
				INFOPLIST_PREPROCESS = NO;
				INSTALL_PATH = "$(HOME)/Library/Audio/Plug-Ins/VST3/";
				LIBRARY_STYLE = Bundle;
				LLVM_LTO = YES;
				MACOSX_DEPLOYMENT_TARGET = 10.13;
				MTL_HEADER_SEARCH_PATHS = "$(HOME)/JUCE/modules/juce_audio_processors/format_types/VST3_SDK $(SRCROOT)/../../../../Frameworks/VST_SDK_legacy/VST2_SDK $(SRCROOT)/../../JuceLibraryCode $(HOME)/JUCE/modules $(HOME)/JUCE/modules/juce_audio_plugin_client/AU";
				OTHER_LDFLAGS = "-bundle -lAIASS";
				PRODUCT_BUNDLE_IDENTIFIER = com.crazymidi.AIASSUno;
				PRODUCT_NAME = "AIASS";
				USE_HEADERMAP = NO;
				VALIDATE_WORKSPACE_SKIPPED_SDK_FRAMEWORKS = OpenGL;
				VALID_ARCHS = "arm64 arm64e x86_64";
				WRAPPER_EXTENSION = vst3;
			};
			name = Release;
		};
		355A3643743F8945BDB7B0C5 /* Release */ = {
			isa = XCBuildConfiguration;
			buildSettings = {
				CLANG_CXX_LANGUAGE_STANDARD = "c++20";
				CLANG_CXX_LIBRARY = "libc++";
				CLANG_LINK_OBJC_RUNTIME = NO;
				COMBINE_HIDPI_IMAGES = YES;
				CONFIGURATION_BUILD_DIR = "$(PROJECT_DIR)/build/$(CONFIGURATION)";
				DEAD_CODE_STRIPPING = YES;
				EXCLUDED_ARCHS = "i386";
				GCC_GENERATE_DEBUGGING_SYMBOLS = NO;
				GCC_OPTIMIZATION_LEVEL = 3;
				GCC_PREPROCESSOR_DEFINITIONS = (
					"_NDEBUG=1",
					"NDEBUG=1",
					"JUCER_XCODE_MAC_F6D2F4CF=1",
					"JUCE_APP_VERSION=0.9.6",
					"JUCE_APP_VERSION_HEX=0x906",
					"JucePlugin_Build_VST=0",
					"JucePlugin_Build_VST3=0",
					"JucePlugin_Build_AU=0",
					"JucePlugin_Build_AUv3=0",
					"JucePlugin_Build_AAX=0",
					"JucePlugin_Build_Standalone=0",
					"JucePlugin_Build_Unity=0",
					"JucePlugin_Build_LV2=0",
				);
				GCC_VERSION = com.apple.compilers.llvm.clang.1_0;
				HEADER_SEARCH_PATHS = (
					"$(HOME)/JUCE/modules/juce_audio_processors/format_types/VST3_SDK",
					"$(SRCROOT)/../../../../Frameworks/VST_SDK_legacy/VST2_SDK",
					"$(SRCROOT)/../../JuceLibraryCode",
					"$(HOME)/JUCE/modules",
					"$(HOME)/JUCE/modules/juce_audio_plugin_client/AU",
					"$(inherited)",
				);
				INFOPLIST_FILE = Info-VST3_Manifest_Helper.plist;
				INFOPLIST_PREPROCESS = NO;
				LLVM_LTO = YES;
				MACOSX_DEPLOYMENT_TARGET = 10.13;
				MTL_HEADER_SEARCH_PATHS = "$(HOME)/JUCE/modules/juce_audio_processors/format_types/VST3_SDK $(SRCROOT)/../../../../Frameworks/VST_SDK_legacy/VST2_SDK $(SRCROOT)/../../JuceLibraryCode $(HOME)/JUCE/modules $(HOME)/JUCE/modules/juce_audio_plugin_client/AU";
				PRODUCT_BUNDLE_IDENTIFIER = com.crazymidi.AIASSUno;
				PRODUCT_NAME = "juce_vst3_helper";
				USE_HEADERMAP = NO;
				VALIDATE_WORKSPACE_SKIPPED_SDK_FRAMEWORKS = OpenGL;
				VALID_ARCHS = "arm64 arm64e x86_64";
			};
			name = Release;
		};
		36CE2E04BEDDF1FCF19C7F5C /* Release */ = {
			isa = XCBuildConfiguration;
			buildSettings = {
				CLANG_CXX_LANGUAGE_STANDARD = "c++20";
				CLANG_CXX_LIBRARY = "libc++";
				CLANG_LINK_OBJC_RUNTIME = NO;
				COMBINE_HIDPI_IMAGES = YES;
				CONFIGURATION_BUILD_DIR = "$(PROJECT_DIR)/build/$(CONFIGURATION)";
				DEAD_CODE_STRIPPING = YES;
				EXCLUDED_ARCHS = "i386";
				GCC_GENERATE_DEBUGGING_SYMBOLS = NO;
				GCC_OPTIMIZATION_LEVEL = 3;
				GCC_PREPROCESSOR_DEFINITIONS = (
					"_NDEBUG=1",
					"NDEBUG=1",
					"JUCER_XCODE_MAC_F6D2F4CF=1",
					"JUCE_APP_VERSION=0.9.6",
					"JUCE_APP_VERSION_HEX=0x906",
					"JucePlugin_Build_VST=1",
					"JucePlugin_Build_VST3=0",
					"JucePlugin_Build_AU=0",
					"JucePlugin_Build_AUv3=0",
					"JucePlugin_Build_AAX=0",
					"JucePlugin_Build_Standalone=0",
					"JucePlugin_Build_Unity=0",
					"JucePlugin_Build_LV2=0",
				);
				GCC_VERSION = com.apple.compilers.llvm.clang.1_0;
				GENERATE_PKGINFO_FILE = YES;
				HEADER_SEARCH_PATHS = (
					"$(HOME)/JUCE/modules/juce_audio_processors/format_types/VST3_SDK",
					"$(SRCROOT)/../../../../Frameworks/VST_SDK_legacy/VST2_SDK",
					"$(SRCROOT)/../../JuceLibraryCode",
					"$(HOME)/JUCE/modules",
					"$(HOME)/JUCE/modules/juce_audio_plugin_client/AU",
					"$(inherited)",
				);
				INFOPLIST_FILE = Info-VST.plist;
				INFOPLIST_PREPROCESS = NO;
				INSTALL_PATH = "$(HOME)/Library/Audio/Plug-Ins/VST/";
				LIBRARY_STYLE = Bundle;
				LLVM_LTO = YES;
				MACOSX_DEPLOYMENT_TARGET = 10.13;
				MTL_HEADER_SEARCH_PATHS = "$(HOME)/JUCE/modules/juce_audio_processors/format_types/VST3_SDK $(SRCROOT)/../../../../Frameworks/VST_SDK_legacy/VST2_SDK $(SRCROOT)/../../JuceLibraryCode $(HOME)/JUCE/modules $(HOME)/JUCE/modules/juce_audio_plugin_client/AU";
				OTHER_LDFLAGS = "-bundle -lAIASS";
				PRODUCT_BUNDLE_IDENTIFIER = com.crazymidi.AIASSUno;
				PRODUCT_NAME = "AIASS";
				USE_HEADERMAP = NO;
				VALIDATE_WORKSPACE_SKIPPED_SDK_FRAMEWORKS = OpenGL;
				VALID_ARCHS = "arm64 arm64e x86_64";
				WRAPPER_EXTENSION = vst;
			};
			name = Release;
		};
		3892EE275196698ABCF1270D /* Release */ = {
			isa = XCBuildConfiguration;
			buildSettings = {
				MACOSX_DEPLOYMENT_TARGET = 10.13;
				SDKROOT = macosx;
			};
			name = Release;
		};
		3A990CD1DE38885B826B25B7 /* Debug */ = {
			isa = XCBuildConfiguration;
			buildSettings = {
				ALWAYS_SEARCH_USER_PATHS = NO;
				CLANG_ENABLE_OBJC_WEAK = YES;
				CLANG_WARN_BLOCK_CAPTURE_AUTORELEASING = YES;
				CLANG_WARN_BOOL_CONVERSION = YES;
				CLANG_WARN_COMMA = YES;
				CLANG_WARN_CONSTANT_CONVERSION = YES;
				CLANG_WARN_DEPRECATED_OBJC_IMPLEMENTATIONS = YES;
				CLANG_WARN_EMPTY_BODY = YES;
				CLANG_WARN_ENUM_CONVERSION = YES;
				CLANG_WARN_INFINITE_RECURSION = YES;
				CLANG_WARN_INT_CONVERSION = YES;
				CLANG_WARN_NON_LITERAL_NULL_CONVERSION = YES;
				CLANG_WARN_OBJC_IMPLICIT_RETAIN_SELF = YES;
				CLANG_WARN_OBJC_LITERAL_CONVERSION = YES;
				CLANG_WARN_RANGE_LOOP_ANALYSIS = YES;
				CLANG_WARN_STRICT_PROTOTYPES = YES;
				CLANG_WARN_SUSPICIOUS_MOVE = YES;
				CLANG_WARN_UNREACHABLE_CODE = YES;
				CLANG_WARN__DUPLICATE_METHOD_MATCH = YES;
				DEBUG_INFORMATION_FORMAT = dwarf;
				ENABLE_STRICT_OBJC_MSGSEND = YES;
				ENABLE_TESTABILITY = NO;
				GCC_C_LANGUAGE_STANDARD = c11;
				GCC_INLINES_ARE_PRIVATE_EXTERN = YES;
				GCC_MODEL_TUNING = G5;
				GCC_NO_COMMON_BLOCKS = YES;
				GCC_SYMBOLS_PRIVATE_EXTERN = YES;
				GCC_WARN_64_TO_32_BIT_CONVERSION = YES;
				GCC_WARN_ABOUT_RETURN_TYPE = YES;
				GCC_WARN_CHECK_SWITCH_STATEMENTS = YES;
				GCC_WARN_MISSING_PARENTHESES = YES;
				GCC_WARN_NON_VIRTUAL_DESTRUCTOR = YES;
				GCC_WARN_TYPECHECK_CALLS_TO_PRINTF = YES;
				GCC_WARN_UNDECLARED_SELECTOR = YES;
				GCC_WARN_UNINITIALIZED_AUTOS = YES;
				GCC_WARN_UNUSED_FUNCTION = YES;
				GCC_WARN_UNUSED_VARIABLE = YES;
				ONLY_ACTIVE_ARCH = YES;
				OTHER_CODE_SIGN_FLAGS = --timestamp;
				PRODUCT_NAME = "AIASS";
				SDKROOT = macosx;
				WARNING_CFLAGS = "-Wreorder";
				ZERO_LINK = NO;
			};
			name = Debug;
		};
		5163D9CC109E2B398E8AA4EB /* Release */ = {
			isa = XCBuildConfiguration;
			buildSettings = {
				CLANG_CXX_LANGUAGE_STANDARD = "c++20";
				CLANG_CXX_LIBRARY = "libc++";
				CLANG_LINK_OBJC_RUNTIME = NO;
				COMBINE_HIDPI_IMAGES = YES;
				CONFIGURATION_BUILD_DIR = "$(PROJECT_DIR)/build/$(CONFIGURATION)";
				DEAD_CODE_STRIPPING = YES;
				EXCLUDED_ARCHS = "i386";
				GCC_GENERATE_DEBUGGING_SYMBOLS = NO;
				GCC_OPTIMIZATION_LEVEL = 3;
				GCC_PREPROCESSOR_DEFINITIONS = (
					"_NDEBUG=1",
					"NDEBUG=1",
					"JUCER_XCODE_MAC_F6D2F4CF=1",
					"JUCE_APP_VERSION=0.9.6",
					"JUCE_APP_VERSION_HEX=0x906",
					"JucePlugin_Build_VST=0",
					"JucePlugin_Build_VST3=0",
					"JucePlugin_Build_AU=0",
					"JucePlugin_Build_AUv3=0",
					"JucePlugin_Build_AAX=0",
					"JucePlugin_Build_Standalone=1",
					"JucePlugin_Build_Unity=0",
					"JucePlugin_Build_LV2=0",
				);
				GCC_VERSION = com.apple.compilers.llvm.clang.1_0;
				HEADER_SEARCH_PATHS = (
					"$(HOME)/JUCE/modules/juce_audio_processors/format_types/VST3_SDK",
					"$(SRCROOT)/../../../../Frameworks/VST_SDK_legacy/VST2_SDK",
					"$(SRCROOT)/../../JuceLibraryCode",
					"$(HOME)/JUCE/modules",
					"$(HOME)/JUCE/modules/juce_audio_plugin_client/AU",
					"$(inherited)",
				);
				INFOPLIST_FILE = Info-Standalone_Plugin.plist;
				INFOPLIST_PREPROCESS = NO;
				LLVM_LTO = YES;
				MACOSX_DEPLOYMENT_TARGET = 10.13;
				MTL_HEADER_SEARCH_PATHS = "$(HOME)/JUCE/modules/juce_audio_processors/format_types/VST3_SDK $(SRCROOT)/../../../../Frameworks/VST_SDK_legacy/VST2_SDK $(SRCROOT)/../../JuceLibraryCode $(HOME)/JUCE/modules $(HOME)/JUCE/modules/juce_audio_plugin_client/AU";
				OTHER_LDFLAGS = "-lAIASS";
				PRODUCT_BUNDLE_IDENTIFIER = com.crazymidi.AIASSUno;
				PRODUCT_NAME = "AIASS";
				USE_HEADERMAP = NO;
				VALIDATE_WORKSPACE_SKIPPED_SDK_FRAMEWORKS = OpenGL;
				VALID_ARCHS = "arm64 arm64e x86_64";
			};
			name = Release;
		};
		8FD14505EBD932A53F1B992D /* Debug */ = {
			isa = XCBuildConfiguration;
			buildSettings = {
				CLANG_CXX_LANGUAGE_STANDARD = "c++20";
				CLANG_CXX_LIBRARY = "libc++";
				CLANG_LINK_OBJC_RUNTIME = NO;
				COMBINE_HIDPI_IMAGES = YES;
				CONFIGURATION_BUILD_DIR = "$(PROJECT_DIR)/build/$(CONFIGURATION)";
				COPY_PHASE_STRIP = NO;
				EXCLUDED_ARCHS = "i386";
				GCC_DYNAMIC_NO_PIC = NO;
				GCC_OPTIMIZATION_LEVEL = 0;
				GCC_PREPROCESSOR_DEFINITIONS = (
					"_DEBUG=1",
					"DEBUG=1",
					"JUCER_XCODE_MAC_F6D2F4CF=1",
					"JUCE_APP_VERSION=0.9.6",
					"JUCE_APP_VERSION_HEX=0x906",
					"JucePlugin_Build_VST=0",
					"JucePlugin_Build_VST3=0",
					"JucePlugin_Build_AU=0",
					"JucePlugin_Build_AUv3=0",
					"JucePlugin_Build_AAX=0",
					"JucePlugin_Build_Standalone=1",
					"JucePlugin_Build_Unity=0",
					"JucePlugin_Build_LV2=0",
				);
				GCC_VERSION = com.apple.compilers.llvm.clang.1_0;
				HEADER_SEARCH_PATHS = (
					"$(HOME)/JUCE/modules/juce_audio_processors/format_types/VST3_SDK",
					"$(SRCROOT)/../../../../Frameworks/VST_SDK_legacy/VST2_SDK",
					"$(SRCROOT)/../../JuceLibraryCode",
					"$(HOME)/JUCE/modules",
					"$(HOME)/JUCE/modules/juce_audio_plugin_client/AU",
					"$(inherited)",
				);
				INFOPLIST_FILE = Info-Standalone_Plugin.plist;
				INFOPLIST_PREPROCESS = NO;
				MACOSX_DEPLOYMENT_TARGET = 10.13;
				MTL_HEADER_SEARCH_PATHS = "$(HOME)/JUCE/modules/juce_audio_processors/format_types/VST3_SDK $(SRCROOT)/../../../../Frameworks/VST_SDK_legacy/VST2_SDK $(SRCROOT)/../../JuceLibraryCode $(HOME)/JUCE/modules $(HOME)/JUCE/modules/juce_audio_plugin_client/AU";
				OTHER_LDFLAGS = "-lAIASS";
				PRODUCT_BUNDLE_IDENTIFIER = com.crazymidi.AIASSUno;
				PRODUCT_NAME = "AIASS";
				USE_HEADERMAP = NO;
				VALIDATE_WORKSPACE_SKIPPED_SDK_FRAMEWORKS = OpenGL;
				VALID_ARCHS = "arm64 arm64e x86_64";
			};
			name = Debug;
		};
		972B83059ADEC233F5E6B297 /* Release */ = {
			isa = XCBuildConfiguration;
			buildSettings = {
				CLANG_CXX_LANGUAGE_STANDARD = "c++20";
				CLANG_CXX_LIBRARY = "libc++";
				CLANG_LINK_OBJC_RUNTIME = NO;
				COMBINE_HIDPI_IMAGES = YES;
				CONFIGURATION_BUILD_DIR = "$(PROJECT_DIR)/build/$(CONFIGURATION)";
				DEAD_CODE_STRIPPING = YES;
				EXCLUDED_ARCHS = "i386";
				GCC_GENERATE_DEBUGGING_SYMBOLS = NO;
				GCC_OPTIMIZATION_LEVEL = 3;
				GCC_PREPROCESSOR_DEFINITIONS = (
					"_NDEBUG=1",
					"NDEBUG=1",
					"JUCER_XCODE_MAC_F6D2F4CF=1",
					"JUCE_APP_VERSION=0.9.6",
					"JUCE_APP_VERSION_HEX=0x906",
					"JucePlugin_Build_VST=1",
					"JucePlugin_Build_VST3=1",
					"JucePlugin_Build_AU=0",
					"JucePlugin_Build_AUv3=0",
					"JucePlugin_Build_AAX=0",
					"JucePlugin_Build_Standalone=1",
					"JucePlugin_Build_Unity=0",
					"JucePlugin_Build_LV2=0",
					"JUCE_SHARED_CODE=1",
				);
				GCC_VERSION = com.apple.compilers.llvm.clang.1_0;
				HEADER_SEARCH_PATHS = (
					"$(HOME)/JUCE/modules/juce_audio_processors/format_types/VST3_SDK",
					"$(SRCROOT)/../../../../Frameworks/VST_SDK_legacy/VST2_SDK",
					"$(SRCROOT)/../../JuceLibraryCode",
					"$(HOME)/JUCE/modules",
					"$(HOME)/JUCE/modules/juce_audio_plugin_client/AU",
					"$(inherited)",
				);
				INSTALL_PATH = "@executable_path/../Frameworks";
				LLVM_LTO = YES;
				MACOSX_DEPLOYMENT_TARGET = 10.13;
				MTL_HEADER_SEARCH_PATHS = "$(HOME)/JUCE/modules/juce_audio_processors/format_types/VST3_SDK $(SRCROOT)/../../../../Frameworks/VST_SDK_legacy/VST2_SDK $(SRCROOT)/../../JuceLibraryCode $(HOME)/JUCE/modules $(HOME)/JUCE/modules/juce_audio_plugin_client/AU";
				PRODUCT_BUNDLE_IDENTIFIER = com.crazymidi.AIASSUno;
				PRODUCT_NAME = "AIASS";
				SKIP_INSTALL = YES;
				USE_HEADERMAP = NO;
				VALIDATE_WORKSPACE_SKIPPED_SDK_FRAMEWORKS = OpenGL;
				VALID_ARCHS = "arm64 arm64e x86_64";
			};
			name = Release;
		};
		98F6CDACC8E56CD0BE3823E9 /* Debug */ = {
			isa = XCBuildConfiguration;
			buildSettings = {
				CLANG_CXX_LANGUAGE_STANDARD = "c++20";
				CLANG_CXX_LIBRARY = "libc++";
				CLANG_LINK_OBJC_RUNTIME = NO;
				COMBINE_HIDPI_IMAGES = YES;
				CONFIGURATION_BUILD_DIR = "$(PROJECT_DIR)/build/$(CONFIGURATION)";
				COPY_PHASE_STRIP = NO;
				EXCLUDED_ARCHS = "i386";
				GCC_DYNAMIC_NO_PIC = NO;
				GCC_OPTIMIZATION_LEVEL = 0;
				GCC_PREPROCESSOR_DEFINITIONS = (
					"_DEBUG=1",
					"DEBUG=1",
					"JUCER_XCODE_MAC_F6D2F4CF=1",
					"JUCE_APP_VERSION=0.9.6",
					"JUCE_APP_VERSION_HEX=0x906",
					"JucePlugin_Build_VST=1",
					"JucePlugin_Build_VST3=1",
					"JucePlugin_Build_AU=0",
					"JucePlugin_Build_AUv3=0",
					"JucePlugin_Build_AAX=0",
					"JucePlugin_Build_Standalone=1",
					"JucePlugin_Build_Unity=0",
					"JucePlugin_Build_LV2=0",
					"JUCE_SHARED_CODE=1",
				);
				GCC_VERSION = com.apple.compilers.llvm.clang.1_0;
				HEADER_SEARCH_PATHS = (
					"$(HOME)/JUCE/modules/juce_audio_processors/format_types/VST3_SDK",
					"$(SRCROOT)/../../../../Frameworks/VST_SDK_legacy/VST2_SDK",
					"$(SRCROOT)/../../JuceLibraryCode",
					"$(HOME)/JUCE/modules",
					"$(HOME)/JUCE/modules/juce_audio_plugin_client/AU",
					"$(inherited)",
				);
				INSTALL_PATH = "@executable_path/../Frameworks";
				MACOSX_DEPLOYMENT_TARGET = 10.13;
				MTL_HEADER_SEARCH_PATHS = "$(HOME)/JUCE/modules/juce_audio_processors/format_types/VST3_SDK $(SRCROOT)/../../../../Frameworks/VST_SDK_legacy/VST2_SDK $(SRCROOT)/../../JuceLibraryCode $(HOME)/JUCE/modules $(HOME)/JUCE/modules/juce_audio_plugin_client/AU";
				PRODUCT_BUNDLE_IDENTIFIER = com.crazymidi.AIASSUno;
				PRODUCT_NAME = "AIASS";
				SKIP_INSTALL = YES;
				USE_HEADERMAP = NO;
				VALIDATE_WORKSPACE_SKIPPED_SDK_FRAMEWORKS = OpenGL;
				VALID_ARCHS = "arm64 arm64e x86_64";
			};
			name = Debug;
		};
		AE0B45AA3233C3F56B388257 /* Debug */ = {
			isa = XCBuildConfiguration;
			buildSettings = {
				CLANG_CXX_LANGUAGE_STANDARD = "c++20";
				CLANG_CXX_LIBRARY = "libc++";
				CLANG_LINK_OBJC_RUNTIME = NO;
				COMBINE_HIDPI_IMAGES = YES;
				CONFIGURATION_BUILD_DIR = "$(PROJECT_DIR)/build/$(CONFIGURATION)";
				COPY_PHASE_STRIP = NO;
				EXCLUDED_ARCHS = "i386";
				GCC_DYNAMIC_NO_PIC = NO;
				GCC_OPTIMIZATION_LEVEL = 0;
				GCC_PREPROCESSOR_DEFINITIONS = (
					"_DEBUG=1",
					"DEBUG=1",
					"JUCER_XCODE_MAC_F6D2F4CF=1",
					"JUCE_APP_VERSION=0.9.6",
					"JUCE_APP_VERSION_HEX=0x906",
					"JucePlugin_Build_VST=1",
					"JucePlugin_Build_VST3=0",
					"JucePlugin_Build_AU=0",
					"JucePlugin_Build_AUv3=0",
					"JucePlugin_Build_AAX=0",
					"JucePlugin_Build_Standalone=0",
					"JucePlugin_Build_Unity=0",
					"JucePlugin_Build_LV2=0",
				);
				GCC_VERSION = com.apple.compilers.llvm.clang.1_0;
				GENERATE_PKGINFO_FILE = YES;
				HEADER_SEARCH_PATHS = (
					"$(HOME)/JUCE/modules/juce_audio_processors/format_types/VST3_SDK",
					"$(SRCROOT)/../../../../Frameworks/VST_SDK_legacy/VST2_SDK",
					"$(SRCROOT)/../../JuceLibraryCode",
					"$(HOME)/JUCE/modules",
					"$(HOME)/JUCE/modules/juce_audio_plugin_client/AU",
					"$(inherited)",
				);
				INFOPLIST_FILE = Info-VST.plist;
				INFOPLIST_PREPROCESS = NO;
				INSTALL_PATH = "$(HOME)/Library/Audio/Plug-Ins/VST/";
				LIBRARY_STYLE = Bundle;
				MACOSX_DEPLOYMENT_TARGET = 10.13;
				MTL_HEADER_SEARCH_PATHS = "$(HOME)/JUCE/modules/juce_audio_processors/format_types/VST3_SDK $(SRCROOT)/../../../../Frameworks/VST_SDK_legacy/VST2_SDK $(SRCROOT)/../../JuceLibraryCode $(HOME)/JUCE/modules $(HOME)/JUCE/modules/juce_audio_plugin_client/AU";
				OTHER_LDFLAGS = "-bundle -lAIASS";
				PRODUCT_BUNDLE_IDENTIFIER = com.crazymidi.AIASSUno;
				PRODUCT_NAME = "AIASS";
				USE_HEADERMAP = NO;
				VALIDATE_WORKSPACE_SKIPPED_SDK_FRAMEWORKS = OpenGL;
				VALID_ARCHS = "arm64 arm64e x86_64";
				WRAPPER_EXTENSION = vst;
			};
			name = Debug;
		};
		F85DDEE921D7E80C78208426 /* Release */ = {
			isa = XCBuildConfiguration;
			buildSettings = {
				ALWAYS_SEARCH_USER_PATHS = NO;
				CLANG_ENABLE_OBJC_WEAK = YES;
				CLANG_WARN_BLOCK_CAPTURE_AUTORELEASING = YES;
				CLANG_WARN_BOOL_CONVERSION = YES;
				CLANG_WARN_COMMA = YES;
				CLANG_WARN_CONSTANT_CONVERSION = YES;
				CLANG_WARN_DEPRECATED_OBJC_IMPLEMENTATIONS = YES;
				CLANG_WARN_EMPTY_BODY = YES;
				CLANG_WARN_ENUM_CONVERSION = YES;
				CLANG_WARN_INFINITE_RECURSION = YES;
				CLANG_WARN_INT_CONVERSION = YES;
				CLANG_WARN_NON_LITERAL_NULL_CONVERSION = YES;
				CLANG_WARN_OBJC_IMPLICIT_RETAIN_SELF = YES;
				CLANG_WARN_OBJC_LITERAL_CONVERSION = YES;
				CLANG_WARN_RANGE_LOOP_ANALYSIS = YES;
				CLANG_WARN_STRICT_PROTOTYPES = YES;
				CLANG_WARN_SUSPICIOUS_MOVE = YES;
				CLANG_WARN_UNREACHABLE_CODE = YES;
				CLANG_WARN__DUPLICATE_METHOD_MATCH = YES;
				DEBUG_INFORMATION_FORMAT = dwarf;
				ENABLE_STRICT_OBJC_MSGSEND = YES;
				ENABLE_TESTABILITY = NO;
				GCC_C_LANGUAGE_STANDARD = c11;
				GCC_INLINES_ARE_PRIVATE_EXTERN = YES;
				GCC_MODEL_TUNING = G5;
				GCC_NO_COMMON_BLOCKS = YES;
				GCC_SYMBOLS_PRIVATE_EXTERN = YES;
				GCC_WARN_64_TO_32_BIT_CONVERSION = YES;
				GCC_WARN_ABOUT_RETURN_TYPE = YES;
				GCC_WARN_CHECK_SWITCH_STATEMENTS = YES;
				GCC_WARN_MISSING_PARENTHESES = YES;
				GCC_WARN_NON_VIRTUAL_DESTRUCTOR = YES;
				GCC_WARN_TYPECHECK_CALLS_TO_PRINTF = YES;
				GCC_WARN_UNDECLARED_SELECTOR = YES;
				GCC_WARN_UNINITIALIZED_AUTOS = YES;
				GCC_WARN_UNUSED_FUNCTION = YES;
				GCC_WARN_UNUSED_VARIABLE = YES;
				OTHER_CODE_SIGN_FLAGS = --timestamp;
				PRODUCT_NAME = "AIASS";
				SDKROOT = macosx;
				WARNING_CFLAGS = "-Wreorder";
				ZERO_LINK = NO;
			};
			name = Release;
		};
/* End XCBuildConfiguration section */

/* Begin XCConfigurationList section */
		0095C2FE18FE239516814201 = {
			isa = XCConfigurationList;
			buildConfigurations = (
				8FD14505EBD932A53F1B992D,
				5163D9CC109E2B398E8AA4EB,
			);
			defaultConfigurationIsVisible = 0;
			defaultConfigurationName = Debug;
		};
		169C30357C84AEBDBA1E79CA = {
			isa = XCConfigurationList;
			buildConfigurations = (
				26D4AC86FD5B6E98CE6129B6,
				324F703822F32781CBD17128,
			);
			defaultConfigurationIsVisible = 0;
			defaultConfigurationName = Debug;
		};
		290B4CDAE05FD8D91B1FD7C1 = {
			isa = XCConfigurationList;
			buildConfigurations = (
				2F85DC2B95797C071ED61D40,
				3892EE275196698ABCF1270D,
			);
			defaultConfigurationIsVisible = 0;
			defaultConfigurationName = Debug;
		};
		401AED72D1354FFE30AA6B97 = {
			isa = XCConfigurationList;
			buildConfigurations = (
				1D0F6D3D4FF8970C8ADF807C,
				355A3643743F8945BDB7B0C5,
			);
			defaultConfigurationIsVisible = 0;
			defaultConfigurationName = Debug;
		};
		8F7CCE88074CEB6603189D2E = {
			isa = XCConfigurationList;
			buildConfigurations = (
				3A990CD1DE38885B826B25B7,
				F85DDEE921D7E80C78208426,
			);
			defaultConfigurationIsVisible = 0;
			defaultConfigurationName = Debug;
		};
		B1B20CE48E025EF826AF66D7 = {
			isa = XCConfigurationList;
			buildConfigurations = (
				98F6CDACC8E56CD0BE3823E9,
				972B83059ADEC233F5E6B297,
			);
			defaultConfigurationIsVisible = 0;
			defaultConfigurationName = Debug;
		};
		D5B5EEB24565C2DA91B68A0F = {
			isa = XCConfigurationList;
			buildConfigurations = (
				AE0B45AA3233C3F56B388257,
				36CE2E04BEDDF1FCF19C7F5C,
			);
			defaultConfigurationIsVisible = 0;
			defaultConfigurationName = Debug;
		};
/* End XCConfigurationList section */
	};
	rootObject = 405068FC19880A47CCC3F968 /* Project object */;
}
