
Microsoft Visual Studio Solution File, Format Version 11.00
# Visual Studio Version 17

Project("{8BC9CEB8-8B4A-11D0-8D11-00A0C91BC942}") = "AIASS - Standalone Plugin", "AIASS_StandalonePlugin.vcxproj", "{412C055F-BD56-FF4C-9994-1CB392E09F78}"
	ProjectSection(ProjectDependencies) = postProject
		{F3C9BAE2-D432-734F-B83C-9D231BF8CA24} = {F3C9BAE2-D432-734F-B83C-9D231BF8CA24}
	EndProjectSection
EndProject
Project("{8BC9CEB8-8B4A-11D0-8D11-00A0C91BC942}") = "AIASS - VST", "AIASS_VST.vcxproj", "{86F739E6-9D14-A754-7B52-C18BA43F793F}"
	ProjectSection(ProjectDependencies) = postProject
		{F3C9BAE2-D432-734F-B83C-9D231BF8CA24} = {F3C9BAE2-D432-734F-B83C-9D231BF8CA24}
	EndProjectSection
EndProject
Project("{8BC9CEB8-8B4A-11D0-8D11-00A0C91BC942}") = "AIASS - VST3", "AIASS_VST3.vcxproj", "{0D841B58-71F7-C62C-CA7F-4FA76063E1F8}"
	ProjectSection(ProjectDependencies) = postProject
		{F3C9BAE2-D432-734F-B83C-9D231BF8CA24} = {F3C9BAE2-D432-734F-B83C-9D231BF8CA24}
		{C6DA2889-BBB2-AE7F-83F4-6DACFE1D55E2} = {C6DA2889-BBB2-AE7F-83F4-6DACFE1D55E2}
	EndProjectSection
EndProject
Project("{8BC9CEB8-8B4A-11D0-8D11-00A0C91BC942}") = "AIASS - Shared Code", "AIASS_SharedCode.vcxproj", "{F3C9BAE2-D432-734F-B83C-9D231BF8CA24}"
EndProject
Project("{8BC9CEB8-8B4A-11D0-8D11-00A0C91BC942}") = "AIASS - VST3 Manifest Helper", "AIASS_VST3ManifestHelper.vcxproj", "{C6DA2889-BBB2-AE7F-83F4-6DACFE1D55E2}"
EndProject
Global
	GlobalSection(SolutionConfigurationPlatforms) = preSolution
		Debug|x64 = Debug|x64
		Release|x64 = Release|x64
	EndGlobalSection
	GlobalSection(ProjectConfigurationPlatforms) = postSolution
		{86F739E6-9D14-A754-7B52-C18BA43F793F}.Debug|x64.ActiveCfg = Debug|x64
		{86F739E6-9D14-A754-7B52-C18BA43F793F}.Debug|x64.Build.0 = Debug|x64
		{86F739E6-9D14-A754-7B52-C18BA43F793F}.Release|x64.ActiveCfg = Release|x64
		{86F739E6-9D14-A754-7B52-C18BA43F793F}.Release|x64.Build.0 = Release|x64
		{0D841B58-71F7-C62C-CA7F-4FA76063E1F8}.Debug|x64.ActiveCfg = Debug|x64
		{0D841B58-71F7-C62C-CA7F-4FA76063E1F8}.Debug|x64.Build.0 = Debug|x64
		{0D841B58-71F7-C62C-CA7F-4FA76063E1F8}.Release|x64.ActiveCfg = Release|x64
		{0D841B58-71F7-C62C-CA7F-4FA76063E1F8}.Release|x64.Build.0 = Release|x64
		{412C055F-BD56-FF4C-9994-1CB392E09F78}.Debug|x64.ActiveCfg = Debug|x64
		{412C055F-BD56-FF4C-9994-1CB392E09F78}.Debug|x64.Build.0 = Debug|x64
		{412C055F-BD56-FF4C-9994-1CB392E09F78}.Release|x64.ActiveCfg = Release|x64
		{412C055F-BD56-FF4C-9994-1CB392E09F78}.Release|x64.Build.0 = Release|x64
		{F3C9BAE2-D432-734F-B83C-9D231BF8CA24}.Debug|x64.ActiveCfg = Debug|x64
		{F3C9BAE2-D432-734F-B83C-9D231BF8CA24}.Debug|x64.Build.0 = Debug|x64
		{F3C9BAE2-D432-734F-B83C-9D231BF8CA24}.Release|x64.ActiveCfg = Release|x64
		{F3C9BAE2-D432-734F-B83C-9D231BF8CA24}.Release|x64.Build.0 = Release|x64
		{C6DA2889-BBB2-AE7F-83F4-6DACFE1D55E2}.Debug|x64.ActiveCfg = Debug|x64
		{C6DA2889-BBB2-AE7F-83F4-6DACFE1D55E2}.Debug|x64.Build.0 = Debug|x64
		{C6DA2889-BBB2-AE7F-83F4-6DACFE1D55E2}.Release|x64.ActiveCfg = Release|x64
		{C6DA2889-BBB2-AE7F-83F4-6DACFE1D55E2}.Release|x64.Build.0 = Release|x64
	EndGlobalSection
	GlobalSection(SolutionProperties) = preSolution
		HideSolutionNode = FALSE
	EndGlobalSection
EndGlobal
